// !$*UTF8*$!
{
	archiveVersion = 1;
	classes = {
	};
	objectVersion = 46;
	objects = {

/* Begin PBXBuildFile section */
		55E74C801ED8BC010092E9F2 /* MultiTag-private.h in Headers */ = {isa = PBXBuildFile; fileRef = 55E74C7F1ED8BC010092E9F2 /* MultiTag-private.h */; };
		FE32500712DBC0490001350D /* MultiTag.h in Headers */ = {isa = PBXBuildFile; fileRef = FE0DA34D12796E09008FBA17 /* MultiTag.h */; settings = {ATTRIBUTES = (Public, ); }; };
		FE32500812DBC0490001350D /* MP4Tag.h in Headers */ = {isa = PBXBuildFile; fileRef = FE32462B12DB7AC90001350D /* MP4Tag.h */; };
		FE32500912DBC0490001350D /* id3V1Tag.h in Headers */ = {isa = PBXBuildFile; fileRef = FE3248D112DB813B0001350D /* id3V1Tag.h */; };
		FE32500A12DBC0490001350D /* id3V2Frame.h in Headers */ = {isa = PBXBuildFile; fileRef = FE3248D312DB813B0001350D /* id3V2Frame.h */; };
		FE32500B12DBC0490001350D /* id3V2Tag.h in Headers */ = {isa = PBXBuildFile; fileRef = FE3248D512DB813B0001350D /* id3V2Tag.h */; };
		FE32500C12DBC0490001350D /* TagAPI.h in Headers */ = {isa = PBXBuildFile; fileRef = FE3248D712DB813B0001350D /* TagAPI.h */; };
		FE32500D12DBC0490001350D /* V20FrameSet.h in Headers */ = {isa = PBXBuildFile; fileRef = FE3248D912DB813B0001350D /* V20FrameSet.h */; };
		FE32500E12DBC0490001350D /* V23FrameSet.h in Headers */ = {isa = PBXBuildFile; fileRef = FE3248DB12DB813B0001350D /* V23FrameSet.h */; };
		FE32500F12DBC0490001350D /* V24FrameSet.h in Headers */ = {isa = PBXBuildFile; fileRef = FE3248DD12DB813B0001350D /* V24FrameSet.h */; };
		FE32501112DBC0490001350D /* InfoPlist.strings in Resources */ = {isa = PBXBuildFile; fileRef = 089C1666FE841158C02AAC07 /* InfoPlist.strings */; };
		FE32501212DBC0490001350D /* data.plist in Resources */ = {isa = PBXBuildFile; fileRef = FE3248D012DB813B0001350D /* data.plist */; };
		FE32501412DBC0490001350D /* File.cpp in Sources */ = {isa = PBXBuildFile; fileRef = 325360A31062E91300A38041 /* File.cpp */; };
		FE32501512DBC0490001350D /* File_posix.cpp in Sources */ = {isa = PBXBuildFile; fileRef = 325360A51062E91300A38041 /* File_posix.cpp */; };
		FE32501612DBC0490001350D /* FileSystem.cpp in Sources */ = {isa = PBXBuildFile; fileRef = 325360A71062E91300A38041 /* FileSystem.cpp */; };
		FE32501712DBC0490001350D /* FileSystem_posix.cpp in Sources */ = {isa = PBXBuildFile; fileRef = 325360A91062E91300A38041 /* FileSystem_posix.cpp */; };
		FE32501812DBC0490001350D /* random_posix.cpp in Sources */ = {isa = PBXBuildFile; fileRef = 325360AD1062E91300A38041 /* random_posix.cpp */; };
		FE32501912DBC0490001350D /* process_posix.cpp in Sources */ = {isa = PBXBuildFile; fileRef = 325360B51062E91300A38041 /* process_posix.cpp */; };
		FE32501A12DBC0490001350D /* option.cpp in Sources */ = {isa = PBXBuildFile; fileRef = 325360B81062E91300A38041 /* option.cpp */; };
		FE32501B12DBC0490001350D /* error.cpp in Sources */ = {isa = PBXBuildFile; fileRef = 325360BB1062E91300A38041 /* error.cpp */; };
		FE32501C12DBC0490001350D /* time.cpp in Sources */ = {isa = PBXBuildFile; fileRef = 325360BE1062E91300A38041 /* time.cpp */; };
		FE32501D12DBC0490001350D /* time_posix.cpp in Sources */ = {isa = PBXBuildFile; fileRef = 325360C01062E91300A38041 /* time_posix.cpp */; };
		FE32501E12DBC0490001350D /* crc.cpp in Sources */ = {isa = PBXBuildFile; fileRef = 325360C41062E91300A38041 /* crc.cpp */; };
		FE32501F12DBC0490001350D /* Database.cpp in Sources */ = {isa = PBXBuildFile; fileRef = 325360C61062E91300A38041 /* Database.cpp */; };
		FE32502012DBC0490001350D /* other.cpp in Sources */ = {isa = PBXBuildFile; fileRef = 325360C91062E91300A38041 /* other.cpp */; };
		FE32502112DBC0490001350D /* Timecode.cpp in Sources */ = {isa = PBXBuildFile; fileRef = 325360CB1062E91300A38041 /* Timecode.cpp */; };
		FE32502212DBC0490001350D /* TrackModifier.cpp in Sources */ = {isa = PBXBuildFile; fileRef = 325360CD1062E91300A38041 /* TrackModifier.cpp */; };
		FE32502312DBC0490001350D /* Utility.cpp in Sources */ = {isa = PBXBuildFile; fileRef = 325360D01062E91300A38041 /* Utility.cpp */; };
		FE32502412DBC0490001350D /* 3gp.cpp in Sources */ = {isa = PBXBuildFile; fileRef = 325360D31062E91300A38041 /* 3gp.cpp */; };
		FE32502512DBC0490001350D /* atom_ac3.cpp in Sources */ = {isa = PBXBuildFile; fileRef = 325360D41062E91300A38041 /* atom_ac3.cpp */; };
		FE32502612DBC0490001350D /* atom_amr.cpp in Sources */ = {isa = PBXBuildFile; fileRef = 325360D51062E91300A38041 /* atom_amr.cpp */; };
		FE32502712DBC0490001350D /* atom_avc1.cpp in Sources */ = {isa = PBXBuildFile; fileRef = 325360D61062E91300A38041 /* atom_avc1.cpp */; };
		FE32502812DBC0490001350D /* atom_avcC.cpp in Sources */ = {isa = PBXBuildFile; fileRef = 325360D71062E91300A38041 /* atom_avcC.cpp */; };
		FE32502912DBC0490001350D /* atom_chpl.cpp in Sources */ = {isa = PBXBuildFile; fileRef = 325360D81062E91300A38041 /* atom_chpl.cpp */; };
		FE32502A12DBC0490001350D /* atom_colr.cpp in Sources */ = {isa = PBXBuildFile; fileRef = 325360D91062E91300A38041 /* atom_colr.cpp */; };
		FE32502B12DBC0490001350D /* atom_d263.cpp in Sources */ = {isa = PBXBuildFile; fileRef = 325360DA1062E91300A38041 /* atom_d263.cpp */; };
		FE32502C12DBC0490001350D /* atom_dac3.cpp in Sources */ = {isa = PBXBuildFile; fileRef = 325360DB1062E91300A38041 /* atom_dac3.cpp */; };
		FE32502D12DBC0490001350D /* atom_damr.cpp in Sources */ = {isa = PBXBuildFile; fileRef = 325360DC1062E91300A38041 /* atom_damr.cpp */; };
		FE32502E12DBC0490001350D /* atom_dref.cpp in Sources */ = {isa = PBXBuildFile; fileRef = 325360DD1062E91300A38041 /* atom_dref.cpp */; };
		FE32502F12DBC0490001350D /* atom_elst.cpp in Sources */ = {isa = PBXBuildFile; fileRef = 325360DE1062E91300A38041 /* atom_elst.cpp */; };
		FE32503012DBC0490001350D /* atom_enca.cpp in Sources */ = {isa = PBXBuildFile; fileRef = 325360DF1062E91300A38041 /* atom_enca.cpp */; };
		FE32503112DBC0490001350D /* atom_encv.cpp in Sources */ = {isa = PBXBuildFile; fileRef = 325360E01062E91300A38041 /* atom_encv.cpp */; };
		FE32503212DBC0490001350D /* atom_free.cpp in Sources */ = {isa = PBXBuildFile; fileRef = 325360E11062E91300A38041 /* atom_free.cpp */; };
		FE32503312DBC0490001350D /* atom_ftab.cpp in Sources */ = {isa = PBXBuildFile; fileRef = 325360E21062E91300A38041 /* atom_ftab.cpp */; };
		FE32503412DBC0490001350D /* atom_ftyp.cpp in Sources */ = {isa = PBXBuildFile; fileRef = 325360E31062E91300A38041 /* atom_ftyp.cpp */; };
		FE32503512DBC0490001350D /* atom_gmin.cpp in Sources */ = {isa = PBXBuildFile; fileRef = 325360E41062E91300A38041 /* atom_gmin.cpp */; };
		FE32503612DBC0490001350D /* atom_hdlr.cpp in Sources */ = {isa = PBXBuildFile; fileRef = 325360E51062E91300A38041 /* atom_hdlr.cpp */; };
		FE32503712DBC0490001350D /* atom_hinf.cpp in Sources */ = {isa = PBXBuildFile; fileRef = 325360E61062E91300A38041 /* atom_hinf.cpp */; };
		FE32503812DBC0490001350D /* atom_hnti.cpp in Sources */ = {isa = PBXBuildFile; fileRef = 325360E71062E91300A38041 /* atom_hnti.cpp */; };
		FE32503912DBC0490001350D /* atom_href.cpp in Sources */ = {isa = PBXBuildFile; fileRef = 325360E81062E91300A38041 /* atom_href.cpp */; };
		FE32503A12DBC0490001350D /* atom_mdat.cpp in Sources */ = {isa = PBXBuildFile; fileRef = 325360E91062E91300A38041 /* atom_mdat.cpp */; };
		FE32503B12DBC0490001350D /* atom_mdhd.cpp in Sources */ = {isa = PBXBuildFile; fileRef = 325360EA1062E91300A38041 /* atom_mdhd.cpp */; };
		FE32503C12DBC0490001350D /* atom_meta.cpp in Sources */ = {isa = PBXBuildFile; fileRef = 325360EB1062E91300A38041 /* atom_meta.cpp */; };
		FE32503D12DBC0490001350D /* atom_mp4s.cpp in Sources */ = {isa = PBXBuildFile; fileRef = 325360EC1062E91300A38041 /* atom_mp4s.cpp */; };
		FE32503E12DBC0490001350D /* atom_mp4v.cpp in Sources */ = {isa = PBXBuildFile; fileRef = 325360ED1062E91300A38041 /* atom_mp4v.cpp */; };
		FE32503F12DBC0490001350D /* atom_mvhd.cpp in Sources */ = {isa = PBXBuildFile; fileRef = 325360EE1062E91300A38041 /* atom_mvhd.cpp */; };
		FE32504012DBC0490001350D /* atom_nmhd.cpp in Sources */ = {isa = PBXBuildFile; fileRef = 325360EF1062E91300A38041 /* atom_nmhd.cpp */; };
		FE32504112DBC0490001350D /* atom_ohdr.cpp in Sources */ = {isa = PBXBuildFile; fileRef = 325360F01062E91300A38041 /* atom_ohdr.cpp */; };
		FE32504212DBC0490001350D /* atom_pasp.cpp in Sources */ = {isa = PBXBuildFile; fileRef = 325360F11062E91300A38041 /* atom_pasp.cpp */; };
		FE32504312DBC0490001350D /* atom_root.cpp in Sources */ = {isa = PBXBuildFile; fileRef = 325360F21062E91300A38041 /* atom_root.cpp */; };
		FE32504412DBC0490001350D /* atom_rtp.cpp in Sources */ = {isa = PBXBuildFile; fileRef = 325360F31062E91300A38041 /* atom_rtp.cpp */; };
		FE32504512DBC0490001350D /* atom_s263.cpp in Sources */ = {isa = PBXBuildFile; fileRef = 325360F41062E91300A38041 /* atom_s263.cpp */; };
		FE32504612DBC0490001350D /* atom_sdp.cpp in Sources */ = {isa = PBXBuildFile; fileRef = 325360F51062E91300A38041 /* atom_sdp.cpp */; };
		FE32504712DBC0490001350D /* atom_sdtp.cpp in Sources */ = {isa = PBXBuildFile; fileRef = 325360F61062E91300A38041 /* atom_sdtp.cpp */; };
		FE32504812DBC0490001350D /* atom_smi.cpp in Sources */ = {isa = PBXBuildFile; fileRef = 325360F71062E91300A38041 /* atom_smi.cpp */; };
		FE32504912DBC0490001350D /* atom_sound.cpp in Sources */ = {isa = PBXBuildFile; fileRef = 325360F81062E91300A38041 /* atom_sound.cpp */; };
		FE32504A12DBC0490001350D /* atom_standard.cpp in Sources */ = {isa = PBXBuildFile; fileRef = 325360F91062E91300A38041 /* atom_standard.cpp */; };
		FE32504B12DBC0490001350D /* atom_stbl.cpp in Sources */ = {isa = PBXBuildFile; fileRef = 325360FA1062E91300A38041 /* atom_stbl.cpp */; };
		FE32504C12DBC0490001350D /* atom_stdp.cpp in Sources */ = {isa = PBXBuildFile; fileRef = 325360FB1062E91300A38041 /* atom_stdp.cpp */; };
		FE32504D12DBC0490001350D /* atom_stsc.cpp in Sources */ = {isa = PBXBuildFile; fileRef = 325360FC1062E91300A38041 /* atom_stsc.cpp */; };
		FE32504E12DBC0490001350D /* atom_stsd.cpp in Sources */ = {isa = PBXBuildFile; fileRef = 325360FD1062E91300A38041 /* atom_stsd.cpp */; };
		FE32504F12DBC0490001350D /* atom_stsz.cpp in Sources */ = {isa = PBXBuildFile; fileRef = 325360FE1062E91300A38041 /* atom_stsz.cpp */; };
		FE32505012DBC0490001350D /* atom_stz2.cpp in Sources */ = {isa = PBXBuildFile; fileRef = 325360FF1062E91300A38041 /* atom_stz2.cpp */; };
		FE32505112DBC0490001350D /* atom_text.cpp in Sources */ = {isa = PBXBuildFile; fileRef = 325361001062E91300A38041 /* atom_text.cpp */; };
		FE32505212DBC0490001350D /* atom_tfhd.cpp in Sources */ = {isa = PBXBuildFile; fileRef = 325361011062E91300A38041 /* atom_tfhd.cpp */; };
		FE32505312DBC0490001350D /* atom_tkhd.cpp in Sources */ = {isa = PBXBuildFile; fileRef = 325361021062E91300A38041 /* atom_tkhd.cpp */; };
		FE32505412DBC0490001350D /* atom_treftype.cpp in Sources */ = {isa = PBXBuildFile; fileRef = 325361031062E91300A38041 /* atom_treftype.cpp */; };
		FE32505512DBC0490001350D /* atom_trun.cpp in Sources */ = {isa = PBXBuildFile; fileRef = 325361041062E91300A38041 /* atom_trun.cpp */; };
		FE32505612DBC0490001350D /* atom_tx3g.cpp in Sources */ = {isa = PBXBuildFile; fileRef = 325361051062E91300A38041 /* atom_tx3g.cpp */; };
		FE32505712DBC0490001350D /* atom_udta.cpp in Sources */ = {isa = PBXBuildFile; fileRef = 325361061062E91300A38041 /* atom_udta.cpp */; };
		FE32505812DBC0490001350D /* atom_url.cpp in Sources */ = {isa = PBXBuildFile; fileRef = 325361071062E91300A38041 /* atom_url.cpp */; };
		FE32505912DBC0490001350D /* atom_urn.cpp in Sources */ = {isa = PBXBuildFile; fileRef = 325361081062E91300A38041 /* atom_urn.cpp */; };
		FE32505A12DBC0490001350D /* atom_uuid.cpp in Sources */ = {isa = PBXBuildFile; fileRef = 325361091062E91300A38041 /* atom_uuid.cpp */; };
		FE32505B12DBC0490001350D /* atom_video.cpp in Sources */ = {isa = PBXBuildFile; fileRef = 3253610A1062E91300A38041 /* atom_video.cpp */; };
		FE32505C12DBC0490001350D /* atom_vmhd.cpp in Sources */ = {isa = PBXBuildFile; fileRef = 3253610B1062E91300A38041 /* atom_vmhd.cpp */; };
		FE32505D12DBC0490001350D /* typebmff.cpp in Sources */ = {isa = PBXBuildFile; fileRef = 325361101062E91300A38041 /* typebmff.cpp */; };
		FE32505E12DBC0490001350D /* cmeta.cpp in Sources */ = {isa = PBXBuildFile; fileRef = 325361121062E91300A38041 /* cmeta.cpp */; };
		FE32505F12DBC0490001350D /* descriptors.cpp in Sources */ = {isa = PBXBuildFile; fileRef = 325361131062E91300A38041 /* descriptors.cpp */; };
		FE32506012DBC0490001350D /* exception.cpp in Sources */ = {isa = PBXBuildFile; fileRef = 325361171062E91300A38041 /* exception.cpp */; };
		FE32506112DBC0490001350D /* isma.cpp in Sources */ = {isa = PBXBuildFile; fileRef = 3253611A1062E91300A38041 /* isma.cpp */; };
		FE32506212DBC0490001350D /* CoverArtBox.cpp in Sources */ = {isa = PBXBuildFile; fileRef = 3253611C1062E91300A38041 /* CoverArtBox.cpp */; };
		FE32506312DBC0490001350D /* generic.cpp in Sources */ = {isa = PBXBuildFile; fileRef = 3253611E1062E91300A38041 /* generic.cpp */; };
		FE32506412DBC0490001350D /* Tags.cpp in Sources */ = {isa = PBXBuildFile; fileRef = 325361221062E91300A38041 /* Tags.cpp */; };
		FE32506512DBC0490001350D /* type.cpp in Sources */ = {isa = PBXBuildFile; fileRef = 325361241062E91300A38041 /* type.cpp */; };
		FE32506612DBC0490001350D /* mp4.cpp in Sources */ = {isa = PBXBuildFile; fileRef = 325361261062E91300A38041 /* mp4.cpp */; };
		FE32506712DBC0490001350D /* mp4atom.cpp in Sources */ = {isa = PBXBuildFile; fileRef = 325361281062E91300A38041 /* mp4atom.cpp */; };
		FE32506812DBC0490001350D /* mp4container.cpp in Sources */ = {isa = PBXBuildFile; fileRef = 3253612A1062E91300A38041 /* mp4container.cpp */; };
		FE32506912DBC0490001350D /* mp4descriptor.cpp in Sources */ = {isa = PBXBuildFile; fileRef = 3253612C1062E91300A38041 /* mp4descriptor.cpp */; };
		FE32506A12DBC0490001350D /* mp4file.cpp in Sources */ = {isa = PBXBuildFile; fileRef = 3253612F1062E91300A38041 /* mp4file.cpp */; };
		FE32506B12DBC0490001350D /* mp4file_io.cpp in Sources */ = {isa = PBXBuildFile; fileRef = 325361311062E91300A38041 /* mp4file_io.cpp */; };
		FE32506C12DBC0490001350D /* mp4info.cpp in Sources */ = {isa = PBXBuildFile; fileRef = 325361321062E91300A38041 /* mp4info.cpp */; };
		FE32506D12DBC0490001350D /* mp4property.cpp in Sources */ = {isa = PBXBuildFile; fileRef = 325361331062E91300A38041 /* mp4property.cpp */; };
		FE32506E12DBC0490001350D /* mp4track.cpp in Sources */ = {isa = PBXBuildFile; fileRef = 325361351062E91300A38041 /* mp4track.cpp */; };
		FE32506F12DBC0490001350D /* mp4util.cpp in Sources */ = {isa = PBXBuildFile; fileRef = 325361371062E91300A38041 /* mp4util.cpp */; };
		FE32507012DBC0490001350D /* ocidescriptors.cpp in Sources */ = {isa = PBXBuildFile; fileRef = 325361391062E91300A38041 /* ocidescriptors.cpp */; };
		FE32507112DBC0490001350D /* odcommands.cpp in Sources */ = {isa = PBXBuildFile; fileRef = 3253613B1062E91300A38041 /* odcommands.cpp */; };
		FE32507212DBC0490001350D /* qosqualifiers.cpp in Sources */ = {isa = PBXBuildFile; fileRef = 3253613D1062E91300A38041 /* qosqualifiers.cpp */; };
		FE32507312DBC0490001350D /* coding.cpp in Sources */ = {isa = PBXBuildFile; fileRef = 325361401062E91300A38041 /* coding.cpp */; };
		FE32507412DBC0490001350D /* ColorParameterBox.cpp in Sources */ = {isa = PBXBuildFile; fileRef = 325361421062E91300A38041 /* ColorParameterBox.cpp */; };
		FE32507512DBC0490001350D /* PictureAspectRatioBox.cpp in Sources */ = {isa = PBXBuildFile; fileRef = 325361451062E91300A38041 /* PictureAspectRatioBox.cpp */; };
		FE32507612DBC0490001350D /* rtphint.cpp in Sources */ = {isa = PBXBuildFile; fileRef = 325361481062E91300A38041 /* rtphint.cpp */; };
		FE32507712DBC0490001350D /* text.cpp in Sources */ = {isa = PBXBuildFile; fileRef = 3253614B1062E91300A38041 /* text.cpp */; };
		FE32507812DBC0490001350D /* MultiTag.mm in Sources */ = {isa = PBXBuildFile; fileRef = FE0DA34E12796E09008FBA17 /* MultiTag.mm */; };
		FE32507912DBC0490001350D /* MP4Tag.mm in Sources */ = {isa = PBXBuildFile; fileRef = FE32462C12DB7AC90001350D /* MP4Tag.mm */; };
		FE32507A12DBC0490001350D /* id3V1Tag.m in Sources */ = {isa = PBXBuildFile; fileRef = FE3248D212DB813B0001350D /* id3V1Tag.m */; };
		FE32507B12DBC0490001350D /* id3V2Frame.m in Sources */ = {isa = PBXBuildFile; fileRef = FE3248D412DB813B0001350D /* id3V2Frame.m */; };
		FE32507C12DBC0490001350D /* id3V2Tag.m in Sources */ = {isa = PBXBuildFile; fileRef = FE3248D612DB813B0001350D /* id3V2Tag.m */; };
		FE32507D12DBC0490001350D /* TagAPI.m in Sources */ = {isa = PBXBuildFile; fileRef = FE3248D812DB813B0001350D /* TagAPI.m */; };
		FE32507E12DBC0490001350D /* V20FrameSet.m in Sources */ = {isa = PBXBuildFile; fileRef = FE3248DA12DB813B0001350D /* V20FrameSet.m */; };
		FE32507F12DBC0490001350D /* V23FrameSet.m in Sources */ = {isa = PBXBuildFile; fileRef = FE3248DC12DB813B0001350D /* V23FrameSet.m */; };
		FE32508012DBC0490001350D /* V24FrameSet.m in Sources */ = {isa = PBXBuildFile; fileRef = FE3248DE12DB813B0001350D /* V24FrameSet.m */; };
		FE32508212DBC0490001350D /* Cocoa.framework in Frameworks */ = {isa = PBXBuildFile; fileRef = 1058C7B1FEA5585E11CA2CBB /* Cocoa.framework */; };
		FE32508312DBC0490001350D /* libz.tbd in Frameworks */ = {isa = PBXBuildFile; fileRef = FE3248FC12DB81EC0001350D /* libz.tbd */; };
/* End PBXBuildFile section */

/* Begin PBXFileReference section */
		0867D69BFE84028FC02AAC07 /* Foundation.framework */ = {isa = PBXFileReference; lastKnownFileType = wrapper.framework; name = Foundation.framework; path = System/Library/Frameworks/Foundation.framework; sourceTree = SDKROOT; };
		0867D6A5FE840307C02AAC07 /* AppKit.framework */ = {isa = PBXFileReference; lastKnownFileType = wrapper.framework; name = AppKit.framework; path = System/Library/Frameworks/AppKit.framework; sourceTree = SDKROOT; };
		089C1667FE841158C02AAC07 /* English */ = {isa = PBXFileReference; fileEncoding = 10; lastKnownFileType = text.plist.strings; name = English; path = English.lproj/InfoPlist.strings; sourceTree = "<group>"; };
		1058C7B1FEA5585E11CA2CBB /* Cocoa.framework */ = {isa = PBXFileReference; lastKnownFileType = wrapper.framework; name = Cocoa.framework; path = System/Library/Frameworks/Cocoa.framework; sourceTree = SDKROOT; };
		3253608E1062E91300A38041 /* chapter.h */ = {isa = PBXFileReference; fileEncoding = 4; lastKnownFileType = sourcecode.c.h; path = chapter.h; sourceTree = "<group>"; };
		3253608F1062E91300A38041 /* file.h */ = {isa = PBXFileReference; fileEncoding = 4; lastKnownFileType = sourcecode.c.h; path = file.h; sourceTree = "<group>"; };
		325360901062E91300A38041 /* file_prop.h */ = {isa = PBXFileReference; fileEncoding = 4; lastKnownFileType = sourcecode.c.h; path = file_prop.h; sourceTree = "<group>"; };
		325360911062E91300A38041 /* general.h */ = {isa = PBXFileReference; fileEncoding = 4; lastKnownFileType = sourcecode.c.h; path = general.h; sourceTree = "<group>"; };
		325360921062E91300A38041 /* isma.h */ = {isa = PBXFileReference; fileEncoding = 4; lastKnownFileType = sourcecode.c.h; path = isma.h; sourceTree = "<group>"; };
		325360931062E91300A38041 /* itmf_generic.h */ = {isa = PBXFileReference; fileEncoding = 4; lastKnownFileType = sourcecode.c.h; path = itmf_generic.h; sourceTree = "<group>"; };
		325360941062E91300A38041 /* itmf_tags.h */ = {isa = PBXFileReference; fileEncoding = 4; lastKnownFileType = sourcecode.c.h; path = itmf_tags.h; sourceTree = "<group>"; };
		325360951062E91300A38041 /* mp4v2.h */ = {isa = PBXFileReference; fileEncoding = 4; lastKnownFileType = sourcecode.c.h; path = mp4v2.h; sourceTree = "<group>"; };
		325360961062E91300A38041 /* platform.h */ = {isa = PBXFileReference; fileEncoding = 4; lastKnownFileType = sourcecode.c.h; path = platform.h; sourceTree = "<group>"; };
		325360971062E91300A38041 /* project.h */ = {isa = PBXFileReference; fileEncoding = 4; lastKnownFileType = sourcecode.c.h; path = project.h; sourceTree = "<group>"; };
		325360981062E91300A38041 /* project.h.in */ = {isa = PBXFileReference; fileEncoding = 4; lastKnownFileType = text; path = project.h.in; sourceTree = "<group>"; };
		325360991062E91300A38041 /* sample.h */ = {isa = PBXFileReference; fileEncoding = 4; lastKnownFileType = sourcecode.c.h; path = sample.h; sourceTree = "<group>"; };
		3253609A1062E91300A38041 /* streaming.h */ = {isa = PBXFileReference; fileEncoding = 4; lastKnownFileType = sourcecode.c.h; path = streaming.h; sourceTree = "<group>"; };
		3253609B1062E91300A38041 /* track.h */ = {isa = PBXFileReference; fileEncoding = 4; lastKnownFileType = sourcecode.c.h; path = track.h; sourceTree = "<group>"; };
		3253609C1062E91300A38041 /* track_prop.h */ = {isa = PBXFileReference; fileEncoding = 4; lastKnownFileType = sourcecode.c.h; path = track_prop.h; sourceTree = "<group>"; };
		3253609E1062E91300A38041 /* config.h */ = {isa = PBXFileReference; fileEncoding = 4; lastKnownFileType = sourcecode.c.h; path = config.h; sourceTree = "<group>"; };
		3253609F1062E91300A38041 /* config.h.in */ = {isa = PBXFileReference; fileEncoding = 4; lastKnownFileType = text; path = config.h.in; sourceTree = "<group>"; };
		325360A01062E91300A38041 /* endian.h */ = {isa = PBXFileReference; fileEncoding = 4; lastKnownFileType = sourcecode.c.h; path = endian.h; sourceTree = "<group>"; };
		325360A11062E91300A38041 /* impl.h */ = {isa = PBXFileReference; fileEncoding = 4; lastKnownFileType = sourcecode.c.h; path = impl.h; sourceTree = "<group>"; };
		325360A31062E91300A38041 /* File.cpp */ = {isa = PBXFileReference; fileEncoding = 4; lastKnownFileType = sourcecode.cpp.cpp; path = File.cpp; sourceTree = "<group>"; };
		325360A41062E91300A38041 /* File.h */ = {isa = PBXFileReference; fileEncoding = 4; lastKnownFileType = sourcecode.c.h; path = File.h; sourceTree = "<group>"; };
		325360A51062E91300A38041 /* File_posix.cpp */ = {isa = PBXFileReference; fileEncoding = 4; lastKnownFileType = sourcecode.cpp.cpp; path = File_posix.cpp; sourceTree = "<group>"; };
		325360A61062E91300A38041 /* File_win32.cpp */ = {isa = PBXFileReference; fileEncoding = 4; lastKnownFileType = sourcecode.cpp.cpp; path = File_win32.cpp; sourceTree = "<group>"; };
		325360A71062E91300A38041 /* FileSystem.cpp */ = {isa = PBXFileReference; fileEncoding = 4; lastKnownFileType = sourcecode.cpp.cpp; path = FileSystem.cpp; sourceTree = "<group>"; };
		325360A81062E91300A38041 /* FileSystem.h */ = {isa = PBXFileReference; fileEncoding = 4; lastKnownFileType = sourcecode.c.h; path = FileSystem.h; sourceTree = "<group>"; };
		325360A91062E91300A38041 /* FileSystem_posix.cpp */ = {isa = PBXFileReference; fileEncoding = 4; lastKnownFileType = sourcecode.cpp.cpp; path = FileSystem_posix.cpp; sourceTree = "<group>"; };
		325360AA1062E91300A38041 /* FileSystem_win32.cpp */ = {isa = PBXFileReference; fileEncoding = 4; lastKnownFileType = sourcecode.cpp.cpp; path = FileSystem_win32.cpp; sourceTree = "<group>"; };
		325360AC1062E91300A38041 /* random.h */ = {isa = PBXFileReference; fileEncoding = 4; lastKnownFileType = sourcecode.c.h; path = random.h; sourceTree = "<group>"; };
		325360AD1062E91300A38041 /* random_posix.cpp */ = {isa = PBXFileReference; fileEncoding = 4; lastKnownFileType = sourcecode.cpp.cpp; path = random_posix.cpp; sourceTree = "<group>"; };
		325360AE1062E91300A38041 /* random_win32.cpp */ = {isa = PBXFileReference; fileEncoding = 4; lastKnownFileType = sourcecode.cpp.cpp; path = random_win32.cpp; sourceTree = "<group>"; };
		325360AF1062E91300A38041 /* platform.h */ = {isa = PBXFileReference; fileEncoding = 4; lastKnownFileType = sourcecode.c.h; path = platform.h; sourceTree = "<group>"; };
		325360B01062E91300A38041 /* platform_base.h */ = {isa = PBXFileReference; fileEncoding = 4; lastKnownFileType = sourcecode.c.h; path = platform_base.h; sourceTree = "<group>"; };
		325360B11062E91300A38041 /* platform_posix.h */ = {isa = PBXFileReference; fileEncoding = 4; lastKnownFileType = sourcecode.c.h; path = platform_posix.h; sourceTree = "<group>"; };
		325360B21062E91300A38041 /* platform_win32.h */ = {isa = PBXFileReference; fileEncoding = 4; lastKnownFileType = sourcecode.c.h; path = platform_win32.h; sourceTree = "<group>"; };
		325360B41062E91300A38041 /* process.h */ = {isa = PBXFileReference; fileEncoding = 4; lastKnownFileType = sourcecode.c.h; path = process.h; sourceTree = "<group>"; };
		325360B51062E91300A38041 /* process_posix.cpp */ = {isa = PBXFileReference; fileEncoding = 4; lastKnownFileType = sourcecode.cpp.cpp; path = process_posix.cpp; sourceTree = "<group>"; };
		325360B61062E91300A38041 /* process_win32.cpp */ = {isa = PBXFileReference; fileEncoding = 4; lastKnownFileType = sourcecode.cpp.cpp; path = process_win32.cpp; sourceTree = "<group>"; };
		325360B81062E91300A38041 /* option.cpp */ = {isa = PBXFileReference; fileEncoding = 4; lastKnownFileType = sourcecode.cpp.cpp; path = option.cpp; sourceTree = "<group>"; };
		325360B91062E91300A38041 /* option.h */ = {isa = PBXFileReference; fileEncoding = 4; lastKnownFileType = sourcecode.c.h; path = option.h; sourceTree = "<group>"; };
		325360BB1062E91300A38041 /* error.cpp */ = {isa = PBXFileReference; fileEncoding = 4; lastKnownFileType = sourcecode.cpp.cpp; path = error.cpp; sourceTree = "<group>"; };
		325360BC1062E91300A38041 /* error.h */ = {isa = PBXFileReference; fileEncoding = 4; lastKnownFileType = sourcecode.c.h; path = error.h; sourceTree = "<group>"; };
		325360BE1062E91300A38041 /* time.cpp */ = {isa = PBXFileReference; fileEncoding = 4; lastKnownFileType = sourcecode.cpp.cpp; path = time.cpp; sourceTree = "<group>"; };
		325360BF1062E91300A38041 /* time.h */ = {isa = PBXFileReference; fileEncoding = 4; lastKnownFileType = sourcecode.c.h; path = time.h; sourceTree = "<group>"; };
		325360C01062E91300A38041 /* time_posix.cpp */ = {isa = PBXFileReference; fileEncoding = 4; lastKnownFileType = sourcecode.cpp.cpp; path = time_posix.cpp; sourceTree = "<group>"; };
		325360C11062E91300A38041 /* time_win32.cpp */ = {isa = PBXFileReference; fileEncoding = 4; lastKnownFileType = sourcecode.cpp.cpp; path = time_win32.cpp; sourceTree = "<group>"; };
		325360C21062E91300A38041 /* warning.h */ = {isa = PBXFileReference; fileEncoding = 4; lastKnownFileType = sourcecode.c.h; path = warning.h; sourceTree = "<group>"; };
		325360C41062E91300A38041 /* crc.cpp */ = {isa = PBXFileReference; fileEncoding = 4; lastKnownFileType = sourcecode.cpp.cpp; path = crc.cpp; sourceTree = "<group>"; };
		325360C51062E91300A38041 /* crc.h */ = {isa = PBXFileReference; fileEncoding = 4; lastKnownFileType = sourcecode.c.h; path = crc.h; sourceTree = "<group>"; };
		325360C61062E91300A38041 /* Database.cpp */ = {isa = PBXFileReference; fileEncoding = 4; lastKnownFileType = sourcecode.cpp.cpp; path = Database.cpp; sourceTree = "<group>"; };
		325360C71062E91300A38041 /* Database.h */ = {isa = PBXFileReference; fileEncoding = 4; lastKnownFileType = sourcecode.c.h; path = Database.h; sourceTree = "<group>"; };
		325360C81062E91300A38041 /* impl.h */ = {isa = PBXFileReference; fileEncoding = 4; lastKnownFileType = sourcecode.c.h; path = impl.h; sourceTree = "<group>"; };
		325360C91062E91300A38041 /* other.cpp */ = {isa = PBXFileReference; fileEncoding = 4; lastKnownFileType = sourcecode.cpp.cpp; path = other.cpp; sourceTree = "<group>"; };
		325360CA1062E91300A38041 /* other.h */ = {isa = PBXFileReference; fileEncoding = 4; lastKnownFileType = sourcecode.c.h; path = other.h; sourceTree = "<group>"; };
		325360CB1062E91300A38041 /* Timecode.cpp */ = {isa = PBXFileReference; fileEncoding = 4; lastKnownFileType = sourcecode.cpp.cpp; path = Timecode.cpp; sourceTree = "<group>"; };
		325360CC1062E91300A38041 /* Timecode.h */ = {isa = PBXFileReference; fileEncoding = 4; lastKnownFileType = sourcecode.c.h; path = Timecode.h; sourceTree = "<group>"; };
		325360CD1062E91300A38041 /* TrackModifier.cpp */ = {isa = PBXFileReference; fileEncoding = 4; lastKnownFileType = sourcecode.cpp.cpp; path = TrackModifier.cpp; sourceTree = "<group>"; };
		325360CE1062E91300A38041 /* TrackModifier.h */ = {isa = PBXFileReference; fileEncoding = 4; lastKnownFileType = sourcecode.c.h; path = TrackModifier.h; sourceTree = "<group>"; };
		325360CF1062E91300A38041 /* util.h */ = {isa = PBXFileReference; fileEncoding = 4; lastKnownFileType = sourcecode.c.h; path = util.h; sourceTree = "<group>"; };
		325360D01062E91300A38041 /* Utility.cpp */ = {isa = PBXFileReference; fileEncoding = 4; lastKnownFileType = sourcecode.cpp.cpp; path = Utility.cpp; sourceTree = "<group>"; };
		325360D11062E91300A38041 /* Utility.h */ = {isa = PBXFileReference; fileEncoding = 4; lastKnownFileType = sourcecode.c.h; path = Utility.h; sourceTree = "<group>"; };
		325360D31062E91300A38041 /* 3gp.cpp */ = {isa = PBXFileReference; fileEncoding = 4; lastKnownFileType = sourcecode.cpp.cpp; path = 3gp.cpp; sourceTree = "<group>"; };
		325360D41062E91300A38041 /* atom_ac3.cpp */ = {isa = PBXFileReference; fileEncoding = 4; lastKnownFileType = sourcecode.cpp.cpp; path = atom_ac3.cpp; sourceTree = "<group>"; };
		325360D51062E91300A38041 /* atom_amr.cpp */ = {isa = PBXFileReference; fileEncoding = 4; lastKnownFileType = sourcecode.cpp.cpp; path = atom_amr.cpp; sourceTree = "<group>"; };
		325360D61062E91300A38041 /* atom_avc1.cpp */ = {isa = PBXFileReference; fileEncoding = 4; lastKnownFileType = sourcecode.cpp.cpp; path = atom_avc1.cpp; sourceTree = "<group>"; };
		325360D71062E91300A38041 /* atom_avcC.cpp */ = {isa = PBXFileReference; fileEncoding = 4; lastKnownFileType = sourcecode.cpp.cpp; path = atom_avcC.cpp; sourceTree = "<group>"; };
		325360D81062E91300A38041 /* atom_chpl.cpp */ = {isa = PBXFileReference; fileEncoding = 4; lastKnownFileType = sourcecode.cpp.cpp; path = atom_chpl.cpp; sourceTree = "<group>"; };
		325360D91062E91300A38041 /* atom_colr.cpp */ = {isa = PBXFileReference; fileEncoding = 4; lastKnownFileType = sourcecode.cpp.cpp; path = atom_colr.cpp; sourceTree = "<group>"; };
		325360DA1062E91300A38041 /* atom_d263.cpp */ = {isa = PBXFileReference; fileEncoding = 4; lastKnownFileType = sourcecode.cpp.cpp; path = atom_d263.cpp; sourceTree = "<group>"; };
		325360DB1062E91300A38041 /* atom_dac3.cpp */ = {isa = PBXFileReference; fileEncoding = 4; lastKnownFileType = sourcecode.cpp.cpp; path = atom_dac3.cpp; sourceTree = "<group>"; };
		325360DC1062E91300A38041 /* atom_damr.cpp */ = {isa = PBXFileReference; fileEncoding = 4; lastKnownFileType = sourcecode.cpp.cpp; path = atom_damr.cpp; sourceTree = "<group>"; };
		325360DD1062E91300A38041 /* atom_dref.cpp */ = {isa = PBXFileReference; fileEncoding = 4; lastKnownFileType = sourcecode.cpp.cpp; path = atom_dref.cpp; sourceTree = "<group>"; };
		325360DE1062E91300A38041 /* atom_elst.cpp */ = {isa = PBXFileReference; fileEncoding = 4; lastKnownFileType = sourcecode.cpp.cpp; path = atom_elst.cpp; sourceTree = "<group>"; };
		325360DF1062E91300A38041 /* atom_enca.cpp */ = {isa = PBXFileReference; fileEncoding = 4; lastKnownFileType = sourcecode.cpp.cpp; path = atom_enca.cpp; sourceTree = "<group>"; };
		325360E01062E91300A38041 /* atom_encv.cpp */ = {isa = PBXFileReference; fileEncoding = 4; lastKnownFileType = sourcecode.cpp.cpp; path = atom_encv.cpp; sourceTree = "<group>"; };
		325360E11062E91300A38041 /* atom_free.cpp */ = {isa = PBXFileReference; fileEncoding = 4; lastKnownFileType = sourcecode.cpp.cpp; path = atom_free.cpp; sourceTree = "<group>"; };
		325360E21062E91300A38041 /* atom_ftab.cpp */ = {isa = PBXFileReference; fileEncoding = 4; lastKnownFileType = sourcecode.cpp.cpp; path = atom_ftab.cpp; sourceTree = "<group>"; };
		325360E31062E91300A38041 /* atom_ftyp.cpp */ = {isa = PBXFileReference; fileEncoding = 4; lastKnownFileType = sourcecode.cpp.cpp; path = atom_ftyp.cpp; sourceTree = "<group>"; };
		325360E41062E91300A38041 /* atom_gmin.cpp */ = {isa = PBXFileReference; fileEncoding = 4; lastKnownFileType = sourcecode.cpp.cpp; path = atom_gmin.cpp; sourceTree = "<group>"; };
		325360E51062E91300A38041 /* atom_hdlr.cpp */ = {isa = PBXFileReference; fileEncoding = 4; lastKnownFileType = sourcecode.cpp.cpp; path = atom_hdlr.cpp; sourceTree = "<group>"; };
		325360E61062E91300A38041 /* atom_hinf.cpp */ = {isa = PBXFileReference; fileEncoding = 4; lastKnownFileType = sourcecode.cpp.cpp; path = atom_hinf.cpp; sourceTree = "<group>"; };
		325360E71062E91300A38041 /* atom_hnti.cpp */ = {isa = PBXFileReference; fileEncoding = 4; lastKnownFileType = sourcecode.cpp.cpp; path = atom_hnti.cpp; sourceTree = "<group>"; };
		325360E81062E91300A38041 /* atom_href.cpp */ = {isa = PBXFileReference; fileEncoding = 4; lastKnownFileType = sourcecode.cpp.cpp; path = atom_href.cpp; sourceTree = "<group>"; };
		325360E91062E91300A38041 /* atom_mdat.cpp */ = {isa = PBXFileReference; fileEncoding = 4; lastKnownFileType = sourcecode.cpp.cpp; path = atom_mdat.cpp; sourceTree = "<group>"; };
		325360EA1062E91300A38041 /* atom_mdhd.cpp */ = {isa = PBXFileReference; fileEncoding = 4; lastKnownFileType = sourcecode.cpp.cpp; path = atom_mdhd.cpp; sourceTree = "<group>"; };
		325360EB1062E91300A38041 /* atom_meta.cpp */ = {isa = PBXFileReference; fileEncoding = 4; lastKnownFileType = sourcecode.cpp.cpp; path = atom_meta.cpp; sourceTree = "<group>"; };
		325360EC1062E91300A38041 /* atom_mp4s.cpp */ = {isa = PBXFileReference; fileEncoding = 4; lastKnownFileType = sourcecode.cpp.cpp; path = atom_mp4s.cpp; sourceTree = "<group>"; };
		325360ED1062E91300A38041 /* atom_mp4v.cpp */ = {isa = PBXFileReference; fileEncoding = 4; lastKnownFileType = sourcecode.cpp.cpp; path = atom_mp4v.cpp; sourceTree = "<group>"; };
		325360EE1062E91300A38041 /* atom_mvhd.cpp */ = {isa = PBXFileReference; fileEncoding = 4; lastKnownFileType = sourcecode.cpp.cpp; path = atom_mvhd.cpp; sourceTree = "<group>"; };
		325360EF1062E91300A38041 /* atom_nmhd.cpp */ = {isa = PBXFileReference; fileEncoding = 4; lastKnownFileType = sourcecode.cpp.cpp; path = atom_nmhd.cpp; sourceTree = "<group>"; };
		325360F01062E91300A38041 /* atom_ohdr.cpp */ = {isa = PBXFileReference; fileEncoding = 4; lastKnownFileType = sourcecode.cpp.cpp; path = atom_ohdr.cpp; sourceTree = "<group>"; };
		325360F11062E91300A38041 /* atom_pasp.cpp */ = {isa = PBXFileReference; fileEncoding = 4; lastKnownFileType = sourcecode.cpp.cpp; path = atom_pasp.cpp; sourceTree = "<group>"; };
		325360F21062E91300A38041 /* atom_root.cpp */ = {isa = PBXFileReference; fileEncoding = 4; lastKnownFileType = sourcecode.cpp.cpp; path = atom_root.cpp; sourceTree = "<group>"; };
		325360F31062E91300A38041 /* atom_rtp.cpp */ = {isa = PBXFileReference; fileEncoding = 4; lastKnownFileType = sourcecode.cpp.cpp; path = atom_rtp.cpp; sourceTree = "<group>"; };
		325360F41062E91300A38041 /* atom_s263.cpp */ = {isa = PBXFileReference; fileEncoding = 4; lastKnownFileType = sourcecode.cpp.cpp; path = atom_s263.cpp; sourceTree = "<group>"; };
		325360F51062E91300A38041 /* atom_sdp.cpp */ = {isa = PBXFileReference; fileEncoding = 4; lastKnownFileType = sourcecode.cpp.cpp; path = atom_sdp.cpp; sourceTree = "<group>"; };
		325360F61062E91300A38041 /* atom_sdtp.cpp */ = {isa = PBXFileReference; fileEncoding = 4; lastKnownFileType = sourcecode.cpp.cpp; path = atom_sdtp.cpp; sourceTree = "<group>"; };
		325360F71062E91300A38041 /* atom_smi.cpp */ = {isa = PBXFileReference; fileEncoding = 4; lastKnownFileType = sourcecode.cpp.cpp; path = atom_smi.cpp; sourceTree = "<group>"; };
		325360F81062E91300A38041 /* atom_sound.cpp */ = {isa = PBXFileReference; fileEncoding = 4; lastKnownFileType = sourcecode.cpp.cpp; path = atom_sound.cpp; sourceTree = "<group>"; };
		325360F91062E91300A38041 /* atom_standard.cpp */ = {isa = PBXFileReference; fileEncoding = 5; lastKnownFileType = sourcecode.cpp.cpp; path = atom_standard.cpp; sourceTree = "<group>"; };
		325360FA1062E91300A38041 /* atom_stbl.cpp */ = {isa = PBXFileReference; fileEncoding = 4; lastKnownFileType = sourcecode.cpp.cpp; path = atom_stbl.cpp; sourceTree = "<group>"; };
		325360FB1062E91300A38041 /* atom_stdp.cpp */ = {isa = PBXFileReference; fileEncoding = 4; lastKnownFileType = sourcecode.cpp.cpp; path = atom_stdp.cpp; sourceTree = "<group>"; };
		325360FC1062E91300A38041 /* atom_stsc.cpp */ = {isa = PBXFileReference; fileEncoding = 4; lastKnownFileType = sourcecode.cpp.cpp; path = atom_stsc.cpp; sourceTree = "<group>"; };
		325360FD1062E91300A38041 /* atom_stsd.cpp */ = {isa = PBXFileReference; fileEncoding = 4; lastKnownFileType = sourcecode.cpp.cpp; path = atom_stsd.cpp; sourceTree = "<group>"; };
		325360FE1062E91300A38041 /* atom_stsz.cpp */ = {isa = PBXFileReference; fileEncoding = 4; lastKnownFileType = sourcecode.cpp.cpp; path = atom_stsz.cpp; sourceTree = "<group>"; };
		325360FF1062E91300A38041 /* atom_stz2.cpp */ = {isa = PBXFileReference; fileEncoding = 4; lastKnownFileType = sourcecode.cpp.cpp; path = atom_stz2.cpp; sourceTree = "<group>"; };
		325361001062E91300A38041 /* atom_text.cpp */ = {isa = PBXFileReference; fileEncoding = 4; lastKnownFileType = sourcecode.cpp.cpp; path = atom_text.cpp; sourceTree = "<group>"; };
		325361011062E91300A38041 /* atom_tfhd.cpp */ = {isa = PBXFileReference; fileEncoding = 4; lastKnownFileType = sourcecode.cpp.cpp; path = atom_tfhd.cpp; sourceTree = "<group>"; };
		325361021062E91300A38041 /* atom_tkhd.cpp */ = {isa = PBXFileReference; fileEncoding = 4; lastKnownFileType = sourcecode.cpp.cpp; path = atom_tkhd.cpp; sourceTree = "<group>"; };
		325361031062E91300A38041 /* atom_treftype.cpp */ = {isa = PBXFileReference; fileEncoding = 4; lastKnownFileType = sourcecode.cpp.cpp; path = atom_treftype.cpp; sourceTree = "<group>"; };
		325361041062E91300A38041 /* atom_trun.cpp */ = {isa = PBXFileReference; fileEncoding = 4; lastKnownFileType = sourcecode.cpp.cpp; path = atom_trun.cpp; sourceTree = "<group>"; };
		325361051062E91300A38041 /* atom_tx3g.cpp */ = {isa = PBXFileReference; fileEncoding = 4; lastKnownFileType = sourcecode.cpp.cpp; path = atom_tx3g.cpp; sourceTree = "<group>"; };
		325361061062E91300A38041 /* atom_udta.cpp */ = {isa = PBXFileReference; fileEncoding = 4; lastKnownFileType = sourcecode.cpp.cpp; path = atom_udta.cpp; sourceTree = "<group>"; };
		325361071062E91300A38041 /* atom_url.cpp */ = {isa = PBXFileReference; fileEncoding = 4; lastKnownFileType = sourcecode.cpp.cpp; path = atom_url.cpp; sourceTree = "<group>"; };
		325361081062E91300A38041 /* atom_urn.cpp */ = {isa = PBXFileReference; fileEncoding = 4; lastKnownFileType = sourcecode.cpp.cpp; path = atom_urn.cpp; sourceTree = "<group>"; };
		325361091062E91300A38041 /* atom_uuid.cpp */ = {isa = PBXFileReference; fileEncoding = 4; lastKnownFileType = sourcecode.cpp.cpp; path = atom_uuid.cpp; sourceTree = "<group>"; };
		3253610A1062E91300A38041 /* atom_video.cpp */ = {isa = PBXFileReference; fileEncoding = 4; lastKnownFileType = sourcecode.cpp.cpp; path = atom_video.cpp; sourceTree = "<group>"; };
		3253610B1062E91300A38041 /* atom_vmhd.cpp */ = {isa = PBXFileReference; fileEncoding = 4; lastKnownFileType = sourcecode.cpp.cpp; path = atom_vmhd.cpp; sourceTree = "<group>"; };
		3253610C1062E91300A38041 /* atoms.h */ = {isa = PBXFileReference; fileEncoding = 4; lastKnownFileType = sourcecode.c.h; path = atoms.h; sourceTree = "<group>"; };
		3253610E1062E91300A38041 /* bmff.h */ = {isa = PBXFileReference; fileEncoding = 4; lastKnownFileType = sourcecode.c.h; path = bmff.h; sourceTree = "<group>"; };
		3253610F1062E91300A38041 /* impl.h */ = {isa = PBXFileReference; fileEncoding = 4; lastKnownFileType = sourcecode.c.h; path = impl.h; sourceTree = "<group>"; };
		325361101062E91300A38041 /* typebmff.cpp */ = {isa = PBXFileReference; fileEncoding = 4; lastKnownFileType = sourcecode.cpp.cpp; path = typebmff.cpp; sourceTree = "<group>"; };
		325361111062E91300A38041 /* typebmff.h */ = {isa = PBXFileReference; fileEncoding = 4; lastKnownFileType = sourcecode.c.h; path = typebmff.h; sourceTree = "<group>"; };
		325361121062E91300A38041 /* cmeta.cpp */ = {isa = PBXFileReference; fileEncoding = 4; lastKnownFileType = sourcecode.cpp.cpp; path = cmeta.cpp; sourceTree = "<group>"; };
		325361131062E91300A38041 /* descriptors.cpp */ = {isa = PBXFileReference; fileEncoding = 4; lastKnownFileType = sourcecode.cpp.cpp; path = descriptors.cpp; sourceTree = "<group>"; };
		325361141062E91300A38041 /* descriptors.h */ = {isa = PBXFileReference; fileEncoding = 4; lastKnownFileType = sourcecode.c.h; path = descriptors.h; sourceTree = "<group>"; };
		325361151062E91300A38041 /* enum.h */ = {isa = PBXFileReference; fileEncoding = 4; lastKnownFileType = sourcecode.c.h; path = enum.h; sourceTree = "<group>"; };
		325361161062E91300A38041 /* enum.tcc */ = {isa = PBXFileReference; fileEncoding = 4; lastKnownFileType = sourcecode.cpp.cpp; path = enum.tcc; sourceTree = "<group>"; };
		325361171062E91300A38041 /* exception.cpp */ = {isa = PBXFileReference; fileEncoding = 4; lastKnownFileType = sourcecode.cpp.cpp; path = exception.cpp; sourceTree = "<group>"; };
		325361181062E91300A38041 /* exception.h */ = {isa = PBXFileReference; fileEncoding = 4; lastKnownFileType = sourcecode.c.h; path = exception.h; sourceTree = "<group>"; };
		325361191062E91300A38041 /* impl.h */ = {isa = PBXFileReference; fileEncoding = 4; lastKnownFileType = sourcecode.c.h; path = impl.h; sourceTree = "<group>"; };
		3253611A1062E91300A38041 /* isma.cpp */ = {isa = PBXFileReference; fileEncoding = 4; lastKnownFileType = sourcecode.cpp.cpp; path = isma.cpp; sourceTree = "<group>"; };
		3253611C1062E91300A38041 /* CoverArtBox.cpp */ = {isa = PBXFileReference; fileEncoding = 4; lastKnownFileType = sourcecode.cpp.cpp; path = CoverArtBox.cpp; sourceTree = "<group>"; };
		3253611D1062E91300A38041 /* CoverArtBox.h */ = {isa = PBXFileReference; fileEncoding = 4; lastKnownFileType = sourcecode.c.h; path = CoverArtBox.h; sourceTree = "<group>"; };
		3253611E1062E91300A38041 /* generic.cpp */ = {isa = PBXFileReference; fileEncoding = 4; lastKnownFileType = sourcecode.cpp.cpp; path = generic.cpp; sourceTree = "<group>"; };
		3253611F1062E91300A38041 /* generic.h */ = {isa = PBXFileReference; fileEncoding = 4; lastKnownFileType = sourcecode.c.h; path = generic.h; sourceTree = "<group>"; };
		325361201062E91300A38041 /* impl.h */ = {isa = PBXFileReference; fileEncoding = 4; lastKnownFileType = sourcecode.c.h; path = impl.h; sourceTree = "<group>"; };
		325361211062E91300A38041 /* itmf.h */ = {isa = PBXFileReference; fileEncoding = 4; lastKnownFileType = sourcecode.c.h; path = itmf.h; sourceTree = "<group>"; };
		325361221062E91300A38041 /* Tags.cpp */ = {isa = PBXFileReference; fileEncoding = 4; lastKnownFileType = sourcecode.cpp.cpp; path = Tags.cpp; sourceTree = "<group>"; };
		325361231062E91300A38041 /* Tags.h */ = {isa = PBXFileReference; fileEncoding = 4; lastKnownFileType = sourcecode.c.h; path = Tags.h; sourceTree = "<group>"; };
		325361241062E91300A38041 /* type.cpp */ = {isa = PBXFileReference; fileEncoding = 4; lastKnownFileType = sourcecode.cpp.cpp; path = type.cpp; sourceTree = "<group>"; };
		325361251062E91300A38041 /* type.h */ = {isa = PBXFileReference; fileEncoding = 4; lastKnownFileType = sourcecode.c.h; path = type.h; sourceTree = "<group>"; };
		325361261062E91300A38041 /* mp4.cpp */ = {isa = PBXFileReference; fileEncoding = 4; lastKnownFileType = sourcecode.cpp.cpp; path = mp4.cpp; sourceTree = "<group>"; };
		325361271062E91300A38041 /* mp4array.h */ = {isa = PBXFileReference; fileEncoding = 4; lastKnownFileType = sourcecode.c.h; path = mp4array.h; sourceTree = "<group>"; };
		325361281062E91300A38041 /* mp4atom.cpp */ = {isa = PBXFileReference; fileEncoding = 4; lastKnownFileType = sourcecode.cpp.cpp; path = mp4atom.cpp; sourceTree = "<group>"; };
		325361291062E91300A38041 /* mp4atom.h */ = {isa = PBXFileReference; fileEncoding = 4; lastKnownFileType = sourcecode.c.h; path = mp4atom.h; sourceTree = "<group>"; };
		3253612A1062E91300A38041 /* mp4container.cpp */ = {isa = PBXFileReference; fileEncoding = 4; lastKnownFileType = sourcecode.cpp.cpp; path = mp4container.cpp; sourceTree = "<group>"; };
		3253612B1062E91300A38041 /* mp4container.h */ = {isa = PBXFileReference; fileEncoding = 4; lastKnownFileType = sourcecode.c.h; path = mp4container.h; sourceTree = "<group>"; };
		3253612C1062E91300A38041 /* mp4descriptor.cpp */ = {isa = PBXFileReference; fileEncoding = 4; lastKnownFileType = sourcecode.cpp.cpp; path = mp4descriptor.cpp; sourceTree = "<group>"; };
		3253612D1062E91300A38041 /* mp4descriptor.h */ = {isa = PBXFileReference; fileEncoding = 4; lastKnownFileType = sourcecode.c.h; path = mp4descriptor.h; sourceTree = "<group>"; };
		3253612E1062E91300A38041 /* mp4error.h */ = {isa = PBXFileReference; fileEncoding = 4; lastKnownFileType = sourcecode.c.h; path = mp4error.h; sourceTree = "<group>"; };
		3253612F1062E91300A38041 /* mp4file.cpp */ = {isa = PBXFileReference; fileEncoding = 4; lastKnownFileType = sourcecode.cpp.cpp; path = mp4file.cpp; sourceTree = "<group>"; };
		325361301062E91300A38041 /* mp4file.h */ = {isa = PBXFileReference; fileEncoding = 4; lastKnownFileType = sourcecode.c.h; path = mp4file.h; sourceTree = "<group>"; };
		325361311062E91300A38041 /* mp4file_io.cpp */ = {isa = PBXFileReference; fileEncoding = 4; lastKnownFileType = sourcecode.cpp.cpp; path = mp4file_io.cpp; sourceTree = "<group>"; };
		325361321062E91300A38041 /* mp4info.cpp */ = {isa = PBXFileReference; fileEncoding = 4; lastKnownFileType = sourcecode.cpp.cpp; path = mp4info.cpp; sourceTree = "<group>"; };
		325361331062E91300A38041 /* mp4property.cpp */ = {isa = PBXFileReference; fileEncoding = 4; lastKnownFileType = sourcecode.cpp.cpp; path = mp4property.cpp; sourceTree = "<group>"; };
		325361341062E91300A38041 /* mp4property.h */ = {isa = PBXFileReference; fileEncoding = 4; lastKnownFileType = sourcecode.c.h; path = mp4property.h; sourceTree = "<group>"; };
		325361351062E91300A38041 /* mp4track.cpp */ = {isa = PBXFileReference; fileEncoding = 4; lastKnownFileType = sourcecode.cpp.cpp; path = mp4track.cpp; sourceTree = "<group>"; };
		325361361062E91300A38041 /* mp4track.h */ = {isa = PBXFileReference; fileEncoding = 4; lastKnownFileType = sourcecode.c.h; path = mp4track.h; sourceTree = "<group>"; };
		325361371062E91300A38041 /* mp4util.cpp */ = {isa = PBXFileReference; fileEncoding = 4; lastKnownFileType = sourcecode.cpp.cpp; path = mp4util.cpp; sourceTree = "<group>"; };
		325361381062E91300A38041 /* mp4util.h */ = {isa = PBXFileReference; fileEncoding = 4; lastKnownFileType = sourcecode.c.h; path = mp4util.h; sourceTree = "<group>"; };
		325361391062E91300A38041 /* ocidescriptors.cpp */ = {isa = PBXFileReference; fileEncoding = 4; lastKnownFileType = sourcecode.cpp.cpp; path = ocidescriptors.cpp; sourceTree = "<group>"; };
		3253613A1062E91300A38041 /* ocidescriptors.h */ = {isa = PBXFileReference; fileEncoding = 4; lastKnownFileType = sourcecode.c.h; path = ocidescriptors.h; sourceTree = "<group>"; };
		3253613B1062E91300A38041 /* odcommands.cpp */ = {isa = PBXFileReference; fileEncoding = 4; lastKnownFileType = sourcecode.cpp.cpp; path = odcommands.cpp; sourceTree = "<group>"; };
		3253613C1062E91300A38041 /* odcommands.h */ = {isa = PBXFileReference; fileEncoding = 4; lastKnownFileType = sourcecode.c.h; path = odcommands.h; sourceTree = "<group>"; };
		3253613D1062E91300A38041 /* qosqualifiers.cpp */ = {isa = PBXFileReference; fileEncoding = 4; lastKnownFileType = sourcecode.cpp.cpp; path = qosqualifiers.cpp; sourceTree = "<group>"; };
		3253613E1062E91300A38041 /* qosqualifiers.h */ = {isa = PBXFileReference; fileEncoding = 4; lastKnownFileType = sourcecode.c.h; path = qosqualifiers.h; sourceTree = "<group>"; };
		325361401062E91300A38041 /* coding.cpp */ = {isa = PBXFileReference; fileEncoding = 4; lastKnownFileType = sourcecode.cpp.cpp; path = coding.cpp; sourceTree = "<group>"; };
		325361411062E91300A38041 /* coding.h */ = {isa = PBXFileReference; fileEncoding = 4; lastKnownFileType = sourcecode.c.h; path = coding.h; sourceTree = "<group>"; };
		325361421062E91300A38041 /* ColorParameterBox.cpp */ = {isa = PBXFileReference; fileEncoding = 4; lastKnownFileType = sourcecode.cpp.cpp; path = ColorParameterBox.cpp; sourceTree = "<group>"; };
		325361431062E91300A38041 /* ColorParameterBox.h */ = {isa = PBXFileReference; fileEncoding = 4; lastKnownFileType = sourcecode.c.h; path = ColorParameterBox.h; sourceTree = "<group>"; };
		325361441062E91300A38041 /* impl.h */ = {isa = PBXFileReference; fileEncoding = 4; lastKnownFileType = sourcecode.c.h; path = impl.h; sourceTree = "<group>"; };
		325361451062E91300A38041 /* PictureAspectRatioBox.cpp */ = {isa = PBXFileReference; fileEncoding = 4; lastKnownFileType = sourcecode.cpp.cpp; path = PictureAspectRatioBox.cpp; sourceTree = "<group>"; };
		325361461062E91300A38041 /* PictureAspectRatioBox.h */ = {isa = PBXFileReference; fileEncoding = 4; lastKnownFileType = sourcecode.c.h; path = PictureAspectRatioBox.h; sourceTree = "<group>"; };
		325361471062E91300A38041 /* qtff.h */ = {isa = PBXFileReference; fileEncoding = 4; lastKnownFileType = sourcecode.c.h; path = qtff.h; sourceTree = "<group>"; };
		325361481062E91300A38041 /* rtphint.cpp */ = {isa = PBXFileReference; fileEncoding = 4; lastKnownFileType = sourcecode.cpp.cpp; path = rtphint.cpp; sourceTree = "<group>"; };
		325361491062E91300A38041 /* rtphint.h */ = {isa = PBXFileReference; fileEncoding = 4; lastKnownFileType = sourcecode.c.h; path = rtphint.h; sourceTree = "<group>"; };
		3253614A1062E91300A38041 /* src.h */ = {isa = PBXFileReference; fileEncoding = 4; lastKnownFileType = sourcecode.c.h; path = src.h; sourceTree = "<group>"; };
		3253614B1062E91300A38041 /* text.cpp */ = {isa = PBXFileReference; fileEncoding = 4; lastKnownFileType = sourcecode.cpp.cpp; path = text.cpp; sourceTree = "<group>"; };
		3253614C1062E91300A38041 /* text.h */ = {isa = PBXFileReference; fileEncoding = 4; lastKnownFileType = sourcecode.c.h; path = text.h; sourceTree = "<group>"; };
		3253614D1062E91300A38041 /* util.h */ = {isa = PBXFileReference; fileEncoding = 4; lastKnownFileType = sourcecode.c.h; path = util.h; sourceTree = "<group>"; };
		32DBCF5E0370ADEE00C91783 /* MultiTag_Prefix.pch */ = {isa = PBXFileReference; fileEncoding = 4; lastKnownFileType = sourcecode.c.h; path = MultiTag_Prefix.pch; sourceTree = "<group>"; };
		55E74C7F1ED8BC010092E9F2 /* MultiTag-private.h */ = {isa = PBXFileReference; fileEncoding = 4; lastKnownFileType = sourcecode.c.h; path = "MultiTag-private.h"; sourceTree = "<group>"; };
		8DC2EF5A0486A6940098B216 /* Info.plist */ = {isa = PBXFileReference; fileEncoding = 4; lastKnownFileType = text.plist; path = Info.plist; sourceTree = "<group>"; };
		D2F7E79907B2D74100F64583 /* CoreData.framework */ = {isa = PBXFileReference; lastKnownFileType = wrapper.framework; name = CoreData.framework; path = System/Library/Frameworks/CoreData.framework; sourceTree = SDKROOT; };
		FE0DA34D12796E09008FBA17 /* MultiTag.h */ = {isa = PBXFileReference; fileEncoding = 4; lastKnownFileType = sourcecode.c.h; path = MultiTag.h; sourceTree = "<group>"; };
		FE0DA34E12796E09008FBA17 /* MultiTag.mm */ = {isa = PBXFileReference; fileEncoding = 4; lastKnownFileType = sourcecode.cpp.objcpp; path = MultiTag.mm; sourceTree = "<group>"; };
		FE32462B12DB7AC90001350D /* MP4Tag.h */ = {isa = PBXFileReference; fileEncoding = 4; lastKnownFileType = sourcecode.c.h; path = MP4Tag.h; sourceTree = "<group>"; };
		FE32462C12DB7AC90001350D /* MP4Tag.mm */ = {isa = PBXFileReference; fileEncoding = 4; lastKnownFileType = sourcecode.cpp.objcpp; path = MP4Tag.mm; sourceTree = "<group>"; };
		FE3248D012DB813B0001350D /* data.plist */ = {isa = PBXFileReference; fileEncoding = 4; lastKnownFileType = text.plist.xml; path = data.plist; sourceTree = "<group>"; };
		FE3248D112DB813B0001350D /* id3V1Tag.h */ = {isa = PBXFileReference; fileEncoding = 4; lastKnownFileType = sourcecode.c.h; path = id3V1Tag.h; sourceTree = "<group>"; };
		FE3248D212DB813B0001350D /* id3V1Tag.m */ = {isa = PBXFileReference; fileEncoding = 4; lastKnownFileType = sourcecode.c.objc; path = id3V1Tag.m; sourceTree = "<group>"; };
		FE3248D312DB813B0001350D /* id3V2Frame.h */ = {isa = PBXFileReference; fileEncoding = 4; lastKnownFileType = sourcecode.c.h; path = id3V2Frame.h; sourceTree = "<group>"; };
		FE3248D412DB813B0001350D /* id3V2Frame.m */ = {isa = PBXFileReference; fileEncoding = 4; lastKnownFileType = sourcecode.c.objc; path = id3V2Frame.m; sourceTree = "<group>"; };
		FE3248D512DB813B0001350D /* id3V2Tag.h */ = {isa = PBXFileReference; fileEncoding = 4; lastKnownFileType = sourcecode.c.h; path = id3V2Tag.h; sourceTree = "<group>"; };
		FE3248D612DB813B0001350D /* id3V2Tag.m */ = {isa = PBXFileReference; fileEncoding = 4; lastKnownFileType = sourcecode.c.objc; path = id3V2Tag.m; sourceTree = "<group>"; };
		FE3248D712DB813B0001350D /* TagAPI.h */ = {isa = PBXFileReference; fileEncoding = 4; lastKnownFileType = sourcecode.c.h; name = TagAPI.h; path = ../libid3/TagAPI.h; sourceTree = "<group>"; };
		FE3248D812DB813B0001350D /* TagAPI.m */ = {isa = PBXFileReference; fileEncoding = 4; lastKnownFileType = sourcecode.c.objc; name = TagAPI.m; path = ../libid3/TagAPI.m; sourceTree = "<group>"; };
		FE3248D912DB813B0001350D /* V20FrameSet.h */ = {isa = PBXFileReference; fileEncoding = 4; lastKnownFileType = sourcecode.c.h; path = V20FrameSet.h; sourceTree = "<group>"; };
		FE3248DA12DB813B0001350D /* V20FrameSet.m */ = {isa = PBXFileReference; fileEncoding = 4; lastKnownFileType = sourcecode.c.objc; path = V20FrameSet.m; sourceTree = "<group>"; };
		FE3248DB12DB813B0001350D /* V23FrameSet.h */ = {isa = PBXFileReference; fileEncoding = 4; lastKnownFileType = sourcecode.c.h; path = V23FrameSet.h; sourceTree = "<group>"; };
		FE3248DC12DB813B0001350D /* V23FrameSet.m */ = {isa = PBXFileReference; fileEncoding = 4; lastKnownFileType = sourcecode.c.objc; path = V23FrameSet.m; sourceTree = "<group>"; };
		FE3248DD12DB813B0001350D /* V24FrameSet.h */ = {isa = PBXFileReference; fileEncoding = 4; lastKnownFileType = sourcecode.c.h; path = V24FrameSet.h; sourceTree = "<group>"; };
		FE3248DE12DB813B0001350D /* V24FrameSet.m */ = {isa = PBXFileReference; fileEncoding = 4; lastKnownFileType = sourcecode.c.objc; path = V24FrameSet.m; sourceTree = "<group>"; };
		FE3248FC12DB81EC0001350D /* libz.tbd */ = {isa = PBXFileReference; lastKnownFileType = "sourcecode.text-based-dylib-definition"; name = libz.tbd; path = usr/lib/libz.tbd; sourceTree = SDKROOT; };
		FE32508712DBC0490001350D /* MultiTag.framework */ = {isa = PBXFileReference; explicitFileType = wrapper.framework; includeInIndex = 0; path = MultiTag.framework; sourceTree = BUILT_PRODUCTS_DIR; };
/* End PBXFileReference section */

/* Begin PBXFrameworksBuildPhase section */
		FE32508112DBC0490001350D /* Frameworks */ = {
			isa = PBXFrameworksBuildPhase;
			buildActionMask = 2147483647;
			files = (
				FE32508212DBC0490001350D /* Cocoa.framework in Frameworks */,
				FE32508312DBC0490001350D /* libz.tbd in Frameworks */,
			);
			runOnlyForDeploymentPostprocessing = 0;
		};
/* End PBXFrameworksBuildPhase section */

/* Begin PBXGroup section */
		034768DFFF38A50411DB9C8B /* Products */ = {
			isa = PBXGroup;
			children = (
				FE32508712DBC0490001350D /* MultiTag.framework */,
			);
			name = Products;
			sourceTree = "<group>";
		};
		0867D691FE84028FC02AAC07 /* mp4v2 */ = {
			isa = PBXGroup;
			children = (
				FE0DA34A12796DE8008FBA17 /* Classes */,
				FE3248AE12DB80D70001350D /* libid3 */,
				08FB77AEFE84172EC02AAC07 /* mp4v2 */,
				32C88DFF0371C24200C91783 /* Other Sources */,
				089C1665FE841158C02AAC07 /* Resources */,
				0867D69AFE84028FC02AAC07 /* Frameworks */,
				034768DFFF38A50411DB9C8B /* Products */,
			);
			name = mp4v2;
			sourceTree = "<group>";
			usesTabs = 0;
		};
		0867D69AFE84028FC02AAC07 /* Frameworks */ = {
			isa = PBXGroup;
			children = (
				FE3248FC12DB81EC0001350D /* libz.tbd */,
				1058C7B1FEA5585E11CA2CBB /* Cocoa.framework */,
				1058C7B2FEA5585E11CA2CBB /* Other Frameworks */,
			);
			name = Frameworks;
			sourceTree = "<group>";
		};
		089C1665FE841158C02AAC07 /* Resources */ = {
			isa = PBXGroup;
			children = (
				8DC2EF5A0486A6940098B216 /* Info.plist */,
				089C1666FE841158C02AAC07 /* InfoPlist.strings */,
			);
			name = Resources;
			sourceTree = "<group>";
		};
		08FB77AEFE84172EC02AAC07 /* mp4v2 */ = {
			isa = PBXGroup;
			children = (
				3253608C1062E91300A38041 /* include */,
				3253609D1062E91300A38041 /* libplatform */,
				325360C31062E91300A38041 /* libutil */,
				325360D21062E91300A38041 /* src */,
			);
			name = mp4v2;
			path = "mp4v2-src";
			sourceTree = "<group>";
		};
		1058C7B2FEA5585E11CA2CBB /* Other Frameworks */ = {
			isa = PBXGroup;
			children = (
				0867D6A5FE840307C02AAC07 /* AppKit.framework */,
				D2F7E79907B2D74100F64583 /* CoreData.framework */,
				0867D69BFE84028FC02AAC07 /* Foundation.framework */,
			);
			name = "Other Frameworks";
			sourceTree = "<group>";
		};
		3253608C1062E91300A38041 /* include */ = {
			isa = PBXGroup;
			children = (
				3253608D1062E91300A38041 /* mp4v2 */,
			);
			path = include;
			sourceTree = "<group>";
		};
		3253608D1062E91300A38041 /* mp4v2 */ = {
			isa = PBXGroup;
			children = (
				3253608E1062E91300A38041 /* chapter.h */,
				3253608F1062E91300A38041 /* file.h */,
				325360901062E91300A38041 /* file_prop.h */,
				325360911062E91300A38041 /* general.h */,
				325360921062E91300A38041 /* isma.h */,
				325360931062E91300A38041 /* itmf_generic.h */,
				325360941062E91300A38041 /* itmf_tags.h */,
				325360951062E91300A38041 /* mp4v2.h */,
				325360961062E91300A38041 /* platform.h */,
				325360971062E91300A38041 /* project.h */,
				325360981062E91300A38041 /* project.h.in */,
				325360991062E91300A38041 /* sample.h */,
				3253609A1062E91300A38041 /* streaming.h */,
				3253609B1062E91300A38041 /* track.h */,
				3253609C1062E91300A38041 /* track_prop.h */,
			);
			path = mp4v2;
			sourceTree = "<group>";
		};
		3253609D1062E91300A38041 /* libplatform */ = {
			isa = PBXGroup;
			children = (
				3253609E1062E91300A38041 /* config.h */,
				3253609F1062E91300A38041 /* config.h.in */,
				325360A01062E91300A38041 /* endian.h */,
				325360A11062E91300A38041 /* impl.h */,
				325360A21062E91300A38041 /* io */,
				325360AB1062E91300A38041 /* number */,
				325360AF1062E91300A38041 /* platform.h */,
				325360B01062E91300A38041 /* platform_base.h */,
				325360B11062E91300A38041 /* platform_posix.h */,
				325360B21062E91300A38041 /* platform_win32.h */,
				325360B31062E91300A38041 /* process */,
				325360B71062E91300A38041 /* prog */,
				325360BA1062E91300A38041 /* sys */,
				325360BD1062E91300A38041 /* time */,
				325360C21062E91300A38041 /* warning.h */,
			);
			path = libplatform;
			sourceTree = "<group>";
		};
		325360A21062E91300A38041 /* io */ = {
			isa = PBXGroup;
			children = (
				325360A31062E91300A38041 /* File.cpp */,
				325360A41062E91300A38041 /* File.h */,
				325360A51062E91300A38041 /* File_posix.cpp */,
				325360A61062E91300A38041 /* File_win32.cpp */,
				325360A71062E91300A38041 /* FileSystem.cpp */,
				325360A81062E91300A38041 /* FileSystem.h */,
				325360A91062E91300A38041 /* FileSystem_posix.cpp */,
				325360AA1062E91300A38041 /* FileSystem_win32.cpp */,
			);
			path = io;
			sourceTree = "<group>";
		};
		325360AB1062E91300A38041 /* number */ = {
			isa = PBXGroup;
			children = (
				325360AC1062E91300A38041 /* random.h */,
				325360AD1062E91300A38041 /* random_posix.cpp */,
				325360AE1062E91300A38041 /* random_win32.cpp */,
			);
			path = number;
			sourceTree = "<group>";
		};
		325360B31062E91300A38041 /* process */ = {
			isa = PBXGroup;
			children = (
				325360B41062E91300A38041 /* process.h */,
				325360B51062E91300A38041 /* process_posix.cpp */,
				325360B61062E91300A38041 /* process_win32.cpp */,
			);
			path = process;
			sourceTree = "<group>";
		};
		325360B71062E91300A38041 /* prog */ = {
			isa = PBXGroup;
			children = (
				325360B81062E91300A38041 /* option.cpp */,
				325360B91062E91300A38041 /* option.h */,
			);
			path = prog;
			sourceTree = "<group>";
		};
		325360BA1062E91300A38041 /* sys */ = {
			isa = PBXGroup;
			children = (
				325360BB1062E91300A38041 /* error.cpp */,
				325360BC1062E91300A38041 /* error.h */,
			);
			path = sys;
			sourceTree = "<group>";
		};
		325360BD1062E91300A38041 /* time */ = {
			isa = PBXGroup;
			children = (
				325360BE1062E91300A38041 /* time.cpp */,
				325360BF1062E91300A38041 /* time.h */,
				325360C01062E91300A38041 /* time_posix.cpp */,
				325360C11062E91300A38041 /* time_win32.cpp */,
			);
			path = time;
			sourceTree = "<group>";
		};
		325360C31062E91300A38041 /* libutil */ = {
			isa = PBXGroup;
			children = (
				325360C41062E91300A38041 /* crc.cpp */,
				325360C51062E91300A38041 /* crc.h */,
				325360C61062E91300A38041 /* Database.cpp */,
				325360C71062E91300A38041 /* Database.h */,
				325360C81062E91300A38041 /* impl.h */,
				325360C91062E91300A38041 /* other.cpp */,
				325360CA1062E91300A38041 /* other.h */,
				325360CB1062E91300A38041 /* Timecode.cpp */,
				325360CC1062E91300A38041 /* Timecode.h */,
				325360CD1062E91300A38041 /* TrackModifier.cpp */,
				325360CE1062E91300A38041 /* TrackModifier.h */,
				325360CF1062E91300A38041 /* util.h */,
				325360D01062E91300A38041 /* Utility.cpp */,
				325360D11062E91300A38041 /* Utility.h */,
			);
			path = libutil;
			sourceTree = "<group>";
		};
		325360D21062E91300A38041 /* src */ = {
			isa = PBXGroup;
			children = (
				325360D31062E91300A38041 /* 3gp.cpp */,
				325360D41062E91300A38041 /* atom_ac3.cpp */,
				325360D51062E91300A38041 /* atom_amr.cpp */,
				325360D61062E91300A38041 /* atom_avc1.cpp */,
				325360D71062E91300A38041 /* atom_avcC.cpp */,
				325360D81062E91300A38041 /* atom_chpl.cpp */,
				325360D91062E91300A38041 /* atom_colr.cpp */,
				325360DA1062E91300A38041 /* atom_d263.cpp */,
				325360DB1062E91300A38041 /* atom_dac3.cpp */,
				325360DC1062E91300A38041 /* atom_damr.cpp */,
				325360DD1062E91300A38041 /* atom_dref.cpp */,
				325360DE1062E91300A38041 /* atom_elst.cpp */,
				325360DF1062E91300A38041 /* atom_enca.cpp */,
				325360E01062E91300A38041 /* atom_encv.cpp */,
				325360E11062E91300A38041 /* atom_free.cpp */,
				325360E21062E91300A38041 /* atom_ftab.cpp */,
				325360E31062E91300A38041 /* atom_ftyp.cpp */,
				325360E41062E91300A38041 /* atom_gmin.cpp */,
				325360E51062E91300A38041 /* atom_hdlr.cpp */,
				325360E61062E91300A38041 /* atom_hinf.cpp */,
				325360E71062E91300A38041 /* atom_hnti.cpp */,
				325360E81062E91300A38041 /* atom_href.cpp */,
				325360E91062E91300A38041 /* atom_mdat.cpp */,
				325360EA1062E91300A38041 /* atom_mdhd.cpp */,
				325360EB1062E91300A38041 /* atom_meta.cpp */,
				325360EC1062E91300A38041 /* atom_mp4s.cpp */,
				325360ED1062E91300A38041 /* atom_mp4v.cpp */,
				325360EE1062E91300A38041 /* atom_mvhd.cpp */,
				325360EF1062E91300A38041 /* atom_nmhd.cpp */,
				325360F01062E91300A38041 /* atom_ohdr.cpp */,
				325360F11062E91300A38041 /* atom_pasp.cpp */,
				325360F21062E91300A38041 /* atom_root.cpp */,
				325360F31062E91300A38041 /* atom_rtp.cpp */,
				325360F41062E91300A38041 /* atom_s263.cpp */,
				325360F51062E91300A38041 /* atom_sdp.cpp */,
				325360F61062E91300A38041 /* atom_sdtp.cpp */,
				325360F71062E91300A38041 /* atom_smi.cpp */,
				325360F81062E91300A38041 /* atom_sound.cpp */,
				325360F91062E91300A38041 /* atom_standard.cpp */,
				325360FA1062E91300A38041 /* atom_stbl.cpp */,
				325360FB1062E91300A38041 /* atom_stdp.cpp */,
				325360FC1062E91300A38041 /* atom_stsc.cpp */,
				325360FD1062E91300A38041 /* atom_stsd.cpp */,
				325360FE1062E91300A38041 /* atom_stsz.cpp */,
				325360FF1062E91300A38041 /* atom_stz2.cpp */,
				325361001062E91300A38041 /* atom_text.cpp */,
				325361011062E91300A38041 /* atom_tfhd.cpp */,
				325361021062E91300A38041 /* atom_tkhd.cpp */,
				325361031062E91300A38041 /* atom_treftype.cpp */,
				325361041062E91300A38041 /* atom_trun.cpp */,
				325361051062E91300A38041 /* atom_tx3g.cpp */,
				325361061062E91300A38041 /* atom_udta.cpp */,
				325361071062E91300A38041 /* atom_url.cpp */,
				325361081062E91300A38041 /* atom_urn.cpp */,
				325361091062E91300A38041 /* atom_uuid.cpp */,
				3253610A1062E91300A38041 /* atom_video.cpp */,
				3253610B1062E91300A38041 /* atom_vmhd.cpp */,
				3253610C1062E91300A38041 /* atoms.h */,
				3253610D1062E91300A38041 /* bmff */,
				325361121062E91300A38041 /* cmeta.cpp */,
				325361131062E91300A38041 /* descriptors.cpp */,
				325361141062E91300A38041 /* descriptors.h */,
				325361151062E91300A38041 /* enum.h */,
				325361161062E91300A38041 /* enum.tcc */,
				325361171062E91300A38041 /* exception.cpp */,
				325361181062E91300A38041 /* exception.h */,
				325361191062E91300A38041 /* impl.h */,
				3253611A1062E91300A38041 /* isma.cpp */,
				3253611B1062E91300A38041 /* itmf */,
				325361261062E91300A38041 /* mp4.cpp */,
				325361271062E91300A38041 /* mp4array.h */,
				325361281062E91300A38041 /* mp4atom.cpp */,
				325361291062E91300A38041 /* mp4atom.h */,
				3253612A1062E91300A38041 /* mp4container.cpp */,
				3253612B1062E91300A38041 /* mp4container.h */,
				3253612C1062E91300A38041 /* mp4descriptor.cpp */,
				3253612D1062E91300A38041 /* mp4descriptor.h */,
				3253612E1062E91300A38041 /* mp4error.h */,
				3253612F1062E91300A38041 /* mp4file.cpp */,
				325361301062E91300A38041 /* mp4file.h */,
				325361311062E91300A38041 /* mp4file_io.cpp */,
				325361321062E91300A38041 /* mp4info.cpp */,
				325361331062E91300A38041 /* mp4property.cpp */,
				325361341062E91300A38041 /* mp4property.h */,
				325361351062E91300A38041 /* mp4track.cpp */,
				325361361062E91300A38041 /* mp4track.h */,
				325361371062E91300A38041 /* mp4util.cpp */,
				325361381062E91300A38041 /* mp4util.h */,
				325361391062E91300A38041 /* ocidescriptors.cpp */,
				3253613A1062E91300A38041 /* ocidescriptors.h */,
				3253613B1062E91300A38041 /* odcommands.cpp */,
				3253613C1062E91300A38041 /* odcommands.h */,
				3253613D1062E91300A38041 /* qosqualifiers.cpp */,
				3253613E1062E91300A38041 /* qosqualifiers.h */,
				3253613F1062E91300A38041 /* qtff */,
				325361481062E91300A38041 /* rtphint.cpp */,
				325361491062E91300A38041 /* rtphint.h */,
				3253614A1062E91300A38041 /* src.h */,
				3253614B1062E91300A38041 /* text.cpp */,
				3253614C1062E91300A38041 /* text.h */,
				3253614D1062E91300A38041 /* util.h */,
			);
			path = src;
			sourceTree = "<group>";
		};
		3253610D1062E91300A38041 /* bmff */ = {
			isa = PBXGroup;
			children = (
				3253610E1062E91300A38041 /* bmff.h */,
				3253610F1062E91300A38041 /* impl.h */,
				325361101062E91300A38041 /* typebmff.cpp */,
				325361111062E91300A38041 /* typebmff.h */,
			);
			path = bmff;
			sourceTree = "<group>";
		};
		3253611B1062E91300A38041 /* itmf */ = {
			isa = PBXGroup;
			children = (
				3253611C1062E91300A38041 /* CoverArtBox.cpp */,
				3253611D1062E91300A38041 /* CoverArtBox.h */,
				3253611E1062E91300A38041 /* generic.cpp */,
				3253611F1062E91300A38041 /* generic.h */,
				325361201062E91300A38041 /* impl.h */,
				325361211062E91300A38041 /* itmf.h */,
				325361221062E91300A38041 /* Tags.cpp */,
				325361231062E91300A38041 /* Tags.h */,
				325361241062E91300A38041 /* type.cpp */,
				325361251062E91300A38041 /* type.h */,
			);
			path = itmf;
			sourceTree = "<group>";
		};
		3253613F1062E91300A38041 /* qtff */ = {
			isa = PBXGroup;
			children = (
				325361401062E91300A38041 /* coding.cpp */,
				325361411062E91300A38041 /* coding.h */,
				325361421062E91300A38041 /* ColorParameterBox.cpp */,
				325361431062E91300A38041 /* ColorParameterBox.h */,
				325361441062E91300A38041 /* impl.h */,
				325361451062E91300A38041 /* PictureAspectRatioBox.cpp */,
				325361461062E91300A38041 /* PictureAspectRatioBox.h */,
				325361471062E91300A38041 /* qtff.h */,
			);
			path = qtff;
			sourceTree = "<group>";
		};
		32C88DFF0371C24200C91783 /* Other Sources */ = {
			isa = PBXGroup;
			children = (
				32DBCF5E0370ADEE00C91783 /* MultiTag_Prefix.pch */,
			);
			name = "Other Sources";
			sourceTree = "<group>";
		};
		FE0DA34A12796DE8008FBA17 /* Classes */ = {
			isa = PBXGroup;
			children = (
				FE0DA34D12796E09008FBA17 /* MultiTag.h */,
				55E74C7F1ED8BC010092E9F2 /* MultiTag-private.h */,
				FE0DA34E12796E09008FBA17 /* MultiTag.mm */,
				FE32462B12DB7AC90001350D /* MP4Tag.h */,
				FE32462C12DB7AC90001350D /* MP4Tag.mm */,
				FE3248D712DB813B0001350D /* TagAPI.h */,
				FE3248D812DB813B0001350D /* TagAPI.m */,
			);
			path = Classes;
			sourceTree = "<group>";
		};
		FE3248AE12DB80D70001350D /* libid3 */ = {
			isa = PBXGroup;
			children = (
				FE3248EE12DB81490001350D /* V1 Tag */,
				FE3248EF12DB814F0001350D /* V2 Tags */,
				FE3248F112DB815F0001350D /* Resources */,
			);
			path = libid3;
			sourceTree = "<group>";
		};
		FE3248EE12DB81490001350D /* V1 Tag */ = {
			isa = PBXGroup;
			children = (
				FE3248D112DB813B0001350D /* id3V1Tag.h */,
				FE3248D212DB813B0001350D /* id3V1Tag.m */,
			);
			name = "V1 Tag";
			sourceTree = "<group>";
		};
		FE3248EF12DB814F0001350D /* V2 Tags */ = {
			isa = PBXGroup;
			children = (
				FE3248D312DB813B0001350D /* id3V2Frame.h */,
				FE3248D412DB813B0001350D /* id3V2Frame.m */,
				FE3248D512DB813B0001350D /* id3V2Tag.h */,
				FE3248D612DB813B0001350D /* id3V2Tag.m */,
				FE3248F012DB81570001350D /* FrameSet reader */,
			);
			name = "V2 Tags";
			sourceTree = "<group>";
		};
		FE3248F012DB81570001350D /* FrameSet reader */ = {
			isa = PBXGroup;
			children = (
				FE3248D912DB813B0001350D /* V20FrameSet.h */,
				FE3248DA12DB813B0001350D /* V20FrameSet.m */,
				FE3248DB12DB813B0001350D /* V23FrameSet.h */,
				FE3248DC12DB813B0001350D /* V23FrameSet.m */,
				FE3248DD12DB813B0001350D /* V24FrameSet.h */,
				FE3248DE12DB813B0001350D /* V24FrameSet.m */,
			);
			name = "FrameSet reader";
			sourceTree = "<group>";
		};
		FE3248F112DB815F0001350D /* Resources */ = {
			isa = PBXGroup;
			children = (
				FE3248D012DB813B0001350D /* data.plist */,
			);
			name = Resources;
			sourceTree = "<group>";
		};
/* End PBXGroup section */

/* Begin PBXHeadersBuildPhase section */
		FE32500612DBC0490001350D /* Headers */ = {
			isa = PBXHeadersBuildPhase;
			buildActionMask = 2147483647;
			files = (
				FE32500712DBC0490001350D /* MultiTag.h in Headers */,
				55E74C801ED8BC010092E9F2 /* MultiTag-private.h in Headers */,
				FE32500812DBC0490001350D /* MP4Tag.h in Headers */,
				FE32500912DBC0490001350D /* id3V1Tag.h in Headers */,
				FE32500A12DBC0490001350D /* id3V2Frame.h in Headers */,
				FE32500B12DBC0490001350D /* id3V2Tag.h in Headers */,
				FE32500C12DBC0490001350D /* TagAPI.h in Headers */,
				FE32500D12DBC0490001350D /* V20FrameSet.h in Headers */,
				FE32500E12DBC0490001350D /* V23FrameSet.h in Headers */,
				FE32500F12DBC0490001350D /* V24FrameSet.h in Headers */,
			);
			runOnlyForDeploymentPostprocessing = 0;
		};
/* End PBXHeadersBuildPhase section */

/* Begin PBXNativeTarget section */
		FE32500512DBC0490001350D /* MultiTag */ = {
			isa = PBXNativeTarget;
			buildConfigurationList = FE32508412DBC0490001350D /* Build configuration list for PBXNativeTarget "MultiTag" */;
			buildPhases = (
				FE32500612DBC0490001350D /* Headers */,
				FE32501012DBC0490001350D /* Resources */,
				FE32501312DBC0490001350D /* Sources */,
				FE32508112DBC0490001350D /* Frameworks */,
			);
			buildRules = (
			);
			dependencies = (
			);
			name = MultiTag;
			productInstallPath = "$(HOME)/Library/Frameworks";
			productName = mp4v2;
			productReference = FE32508712DBC0490001350D /* MultiTag.framework */;
			productType = "com.apple.product-type.framework";
		};
/* End PBXNativeTarget section */

/* Begin PBXProject section */
		0867D690FE84028FC02AAC07 /* Project object */ = {
			isa = PBXProject;
			attributes = {
				LastUpgradeCheck = 0830;
			};
			buildConfigurationList = 1DEB91B108733DA50010E9CD /* Build configuration list for PBXProject "MultiTag" */;
			compatibilityVersion = "Xcode 3.2";
			developmentRegion = English;
			hasScannedForEncodings = 1;
			knownRegions = (
				en,
			);
			mainGroup = 0867D691FE84028FC02AAC07 /* mp4v2 */;
			productRefGroup = 034768DFFF38A50411DB9C8B /* Products */;
			projectDirPath = "";
			projectRoot = "";
			targets = (
				FE32500512DBC0490001350D /* MultiTag */,
			);
		};
/* End PBXProject section */

/* Begin PBXResourcesBuildPhase section */
		FE32501012DBC0490001350D /* Resources */ = {
			isa = PBXResourcesBuildPhase;
			buildActionMask = 2147483647;
			files = (
				FE32501112DBC0490001350D /* InfoPlist.strings in Resources */,
				FE32501212DBC0490001350D /* data.plist in Resources */,
			);
			runOnlyForDeploymentPostprocessing = 0;
		};
/* End PBXResourcesBuildPhase section */

/* Begin PBXSourcesBuildPhase section */
		FE32501312DBC0490001350D /* Sources */ = {
			isa = PBXSourcesBuildPhase;
			buildActionMask = 2147483647;
			files = (
				FE32501412DBC0490001350D /* File.cpp in Sources */,
				FE32501512DBC0490001350D /* File_posix.cpp in Sources */,
				FE32501612DBC0490001350D /* FileSystem.cpp in Sources */,
				FE32501712DBC0490001350D /* FileSystem_posix.cpp in Sources */,
				FE32501812DBC0490001350D /* random_posix.cpp in Sources */,
				FE32501912DBC0490001350D /* process_posix.cpp in Sources */,
				FE32501A12DBC0490001350D /* option.cpp in Sources */,
				FE32501B12DBC0490001350D /* error.cpp in Sources */,
				FE32501C12DBC0490001350D /* time.cpp in Sources */,
				FE32501D12DBC0490001350D /* time_posix.cpp in Sources */,
				FE32501E12DBC0490001350D /* crc.cpp in Sources */,
				FE32501F12DBC0490001350D /* Database.cpp in Sources */,
				FE32502012DBC0490001350D /* other.cpp in Sources */,
				FE32502112DBC0490001350D /* Timecode.cpp in Sources */,
				FE32502212DBC0490001350D /* TrackModifier.cpp in Sources */,
				FE32502312DBC0490001350D /* Utility.cpp in Sources */,
				FE32502412DBC0490001350D /* 3gp.cpp in Sources */,
				FE32502512DBC0490001350D /* atom_ac3.cpp in Sources */,
				FE32502612DBC0490001350D /* atom_amr.cpp in Sources */,
				FE32502712DBC0490001350D /* atom_avc1.cpp in Sources */,
				FE32502812DBC0490001350D /* atom_avcC.cpp in Sources */,
				FE32502912DBC0490001350D /* atom_chpl.cpp in Sources */,
				FE32502A12DBC0490001350D /* atom_colr.cpp in Sources */,
				FE32502B12DBC0490001350D /* atom_d263.cpp in Sources */,
				FE32502C12DBC0490001350D /* atom_dac3.cpp in Sources */,
				FE32502D12DBC0490001350D /* atom_damr.cpp in Sources */,
				FE32502E12DBC0490001350D /* atom_dref.cpp in Sources */,
				FE32502F12DBC0490001350D /* atom_elst.cpp in Sources */,
				FE32503012DBC0490001350D /* atom_enca.cpp in Sources */,
				FE32503112DBC0490001350D /* atom_encv.cpp in Sources */,
				FE32503212DBC0490001350D /* atom_free.cpp in Sources */,
				FE32503312DBC0490001350D /* atom_ftab.cpp in Sources */,
				FE32503412DBC0490001350D /* atom_ftyp.cpp in Sources */,
				FE32503512DBC0490001350D /* atom_gmin.cpp in Sources */,
				FE32503612DBC0490001350D /* atom_hdlr.cpp in Sources */,
				FE32503712DBC0490001350D /* atom_hinf.cpp in Sources */,
				FE32503812DBC0490001350D /* atom_hnti.cpp in Sources */,
				FE32503912DBC0490001350D /* atom_href.cpp in Sources */,
				FE32503A12DBC0490001350D /* atom_mdat.cpp in Sources */,
				FE32503B12DBC0490001350D /* atom_mdhd.cpp in Sources */,
				FE32503C12DBC0490001350D /* atom_meta.cpp in Sources */,
				FE32503D12DBC0490001350D /* atom_mp4s.cpp in Sources */,
				FE32503E12DBC0490001350D /* atom_mp4v.cpp in Sources */,
				FE32503F12DBC0490001350D /* atom_mvhd.cpp in Sources */,
				FE32504012DBC0490001350D /* atom_nmhd.cpp in Sources */,
				FE32504112DBC0490001350D /* atom_ohdr.cpp in Sources */,
				FE32504212DBC0490001350D /* atom_pasp.cpp in Sources */,
				FE32504312DBC0490001350D /* atom_root.cpp in Sources */,
				FE32504412DBC0490001350D /* atom_rtp.cpp in Sources */,
				FE32504512DBC0490001350D /* atom_s263.cpp in Sources */,
				FE32504612DBC0490001350D /* atom_sdp.cpp in Sources */,
				FE32504712DBC0490001350D /* atom_sdtp.cpp in Sources */,
				FE32504812DBC0490001350D /* atom_smi.cpp in Sources */,
				FE32504912DBC0490001350D /* atom_sound.cpp in Sources */,
				FE32504A12DBC0490001350D /* atom_standard.cpp in Sources */,
				FE32504B12DBC0490001350D /* atom_stbl.cpp in Sources */,
				FE32504C12DBC0490001350D /* atom_stdp.cpp in Sources */,
				FE32504D12DBC0490001350D /* atom_stsc.cpp in Sources */,
				FE32504E12DBC0490001350D /* atom_stsd.cpp in Sources */,
				FE32504F12DBC0490001350D /* atom_stsz.cpp in Sources */,
				FE32505012DBC0490001350D /* atom_stz2.cpp in Sources */,
				FE32505112DBC0490001350D /* atom_text.cpp in Sources */,
				FE32505212DBC0490001350D /* atom_tfhd.cpp in Sources */,
				FE32505312DBC0490001350D /* atom_tkhd.cpp in Sources */,
				FE32505412DBC0490001350D /* atom_treftype.cpp in Sources */,
				FE32505512DBC0490001350D /* atom_trun.cpp in Sources */,
				FE32505612DBC0490001350D /* atom_tx3g.cpp in Sources */,
				FE32505712DBC0490001350D /* atom_udta.cpp in Sources */,
				FE32505812DBC0490001350D /* atom_url.cpp in Sources */,
				FE32505912DBC0490001350D /* atom_urn.cpp in Sources */,
				FE32505A12DBC0490001350D /* atom_uuid.cpp in Sources */,
				FE32505B12DBC0490001350D /* atom_video.cpp in Sources */,
				FE32505C12DBC0490001350D /* atom_vmhd.cpp in Sources */,
				FE32505D12DBC0490001350D /* typebmff.cpp in Sources */,
				FE32505E12DBC0490001350D /* cmeta.cpp in Sources */,
				FE32505F12DBC0490001350D /* descriptors.cpp in Sources */,
				FE32506012DBC0490001350D /* exception.cpp in Sources */,
				FE32506112DBC0490001350D /* isma.cpp in Sources */,
				FE32506212DBC0490001350D /* CoverArtBox.cpp in Sources */,
				FE32506312DBC0490001350D /* generic.cpp in Sources */,
				FE32506412DBC0490001350D /* Tags.cpp in Sources */,
				FE32506512DBC0490001350D /* type.cpp in Sources */,
				FE32506612DBC0490001350D /* mp4.cpp in Sources */,
				FE32506712DBC0490001350D /* mp4atom.cpp in Sources */,
				FE32506812DBC0490001350D /* mp4container.cpp in Sources */,
				FE32506912DBC0490001350D /* mp4descriptor.cpp in Sources */,
				FE32506A12DBC0490001350D /* mp4file.cpp in Sources */,
				FE32506B12DBC0490001350D /* mp4file_io.cpp in Sources */,
				FE32506C12DBC0490001350D /* mp4info.cpp in Sources */,
				FE32506D12DBC0490001350D /* mp4property.cpp in Sources */,
				FE32506E12DBC0490001350D /* mp4track.cpp in Sources */,
				FE32506F12DBC0490001350D /* mp4util.cpp in Sources */,
				FE32507012DBC0490001350D /* ocidescriptors.cpp in Sources */,
				FE32507112DBC0490001350D /* odcommands.cpp in Sources */,
				FE32507212DBC0490001350D /* qosqualifiers.cpp in Sources */,
				FE32507312DBC0490001350D /* coding.cpp in Sources */,
				FE32507412DBC0490001350D /* ColorParameterBox.cpp in Sources */,
				FE32507512DBC0490001350D /* PictureAspectRatioBox.cpp in Sources */,
				FE32507612DBC0490001350D /* rtphint.cpp in Sources */,
				FE32507712DBC0490001350D /* text.cpp in Sources */,
				FE32507812DBC0490001350D /* MultiTag.mm in Sources */,
				FE32507912DBC0490001350D /* MP4Tag.mm in Sources */,
				FE32507A12DBC0490001350D /* id3V1Tag.m in Sources */,
				FE32507B12DBC0490001350D /* id3V2Frame.m in Sources */,
				FE32507C12DBC0490001350D /* id3V2Tag.m in Sources */,
				FE32507D12DBC0490001350D /* TagAPI.m in Sources */,
				FE32507E12DBC0490001350D /* V20FrameSet.m in Sources */,
				FE32507F12DBC0490001350D /* V23FrameSet.m in Sources */,
				FE32508012DBC0490001350D /* V24FrameSet.m in Sources */,
			);
			runOnlyForDeploymentPostprocessing = 0;
		};
/* End PBXSourcesBuildPhase section */

/* Begin PBXVariantGroup section */
		089C1666FE841158C02AAC07 /* InfoPlist.strings */ = {
			isa = PBXVariantGroup;
			children = (
				089C1667FE841158C02AAC07 /* English */,
			);
			name = InfoPlist.strings;
			sourceTree = "<group>";
		};
/* End PBXVariantGroup section */

/* Begin XCBuildConfiguration section */
		1DEB91B208733DA50010E9CD /* Debug */ = {
			isa = XCBuildConfiguration;
			buildSettings = {
				CLANG_CXX_LANGUAGE_STANDARD = "gnu++98";
				CLANG_CXX_LIBRARY = "libc++";
				CLANG_WARN_BOOL_CONVERSION = YES;
				CLANG_WARN_CONSTANT_CONVERSION = YES;
				CLANG_WARN_EMPTY_BODY = YES;
				CLANG_WARN_ENUM_CONVERSION = YES;
				CLANG_WARN_INFINITE_RECURSION = YES;
				CLANG_WARN_INT_CONVERSION = YES;
				CLANG_WARN_SUSPICIOUS_MOVE = YES;
				CLANG_WARN_UNREACHABLE_CODE = YES;
				CLANG_WARN__DUPLICATE_METHOD_MATCH = YES;
				ENABLE_STRICT_OBJC_MSGSEND = YES;
				ENABLE_TESTABILITY = YES;
				GCC_NO_COMMON_BLOCKS = YES;
				GCC_WARN_64_TO_32_BIT_CONVERSION = YES;
				GCC_WARN_ABOUT_RETURN_TYPE = YES;
				GCC_WARN_UNDECLARED_SELECTOR = YES;
				GCC_WARN_UNINITIALIZED_AUTOS = YES;
				GCC_WARN_UNUSED_FUNCTION = YES;
				GCC_WARN_UNUSED_VARIABLE = YES;
				MACOSX_DEPLOYMENT_TARGET = 10.8;
				ONLY_ACTIVE_ARCH = YES;
				SDKROOT = macosx;
			};
			name = Debug;
		};
		1DEB91B308733DA50010E9CD /* Release */ = {
			isa = XCBuildConfiguration;
			buildSettings = {
				CLANG_CXX_LANGUAGE_STANDARD = "gnu++98";
				CLANG_CXX_LIBRARY = "libc++";
				CLANG_WARN_BOOL_CONVERSION = YES;
				CLANG_WARN_CONSTANT_CONVERSION = YES;
				CLANG_WARN_EMPTY_BODY = YES;
				CLANG_WARN_ENUM_CONVERSION = YES;
				CLANG_WARN_INFINITE_RECURSION = YES;
				CLANG_WARN_INT_CONVERSION = YES;
				CLANG_WARN_SUSPICIOUS_MOVE = YES;
				CLANG_WARN_UNREACHABLE_CODE = YES;
				CLANG_WARN__DUPLICATE_METHOD_MATCH = YES;
				ENABLE_STRICT_OBJC_MSGSEND = YES;
				GCC_NO_COMMON_BLOCKS = YES;
				GCC_WARN_64_TO_32_BIT_CONVERSION = YES;
				GCC_WARN_ABOUT_RETURN_TYPE = YES;
				GCC_WARN_UNDECLARED_SELECTOR = YES;
				GCC_WARN_UNINITIALIZED_AUTOS = YES;
				GCC_WARN_UNUSED_FUNCTION = YES;
				GCC_WARN_UNUSED_VARIABLE = YES;
				MACOSX_DEPLOYMENT_TARGET = 10.8;
				SDKROOT = macosx;
			};
			name = Release;
		};
		FE32508512DBC0490001350D /* Debug */ = {
			isa = XCBuildConfiguration;
			buildSettings = {
				ALWAYS_SEARCH_USER_PATHS = NO;
				CLANG_ENABLE_MODULES = YES;
				CLANG_ENABLE_OBJC_ARC = YES;
				COPY_PHASE_STRIP = NO;
				DEFINES_MODULE = YES;
				DYLIB_COMPATIBILITY_VERSION = 1;
				DYLIB_CURRENT_VERSION = 1;
				DYLIB_INSTALL_NAME_BASE = "@rpath";
				FRAMEWORK_VERSION = A;
				GCC_DYNAMIC_NO_PIC = NO;
				GCC_ENABLE_FIX_AND_CONTINUE = YES;
				GCC_OPTIMIZATION_LEVEL = 0;
				GCC_PRECOMPILE_PREFIX_HEADER = YES;
				GCC_PREFIX_HEADER = MultiTag_Prefix.pch;
				GCC_WARN_64_TO_32_BIT_CONVERSION = NO;
				HEADER_SEARCH_PATHS = "$(SRCROOT)/mp4v2-src/include";
				INFOPLIST_FILE = Info.plist;
				INSTALL_PATH = "@executable_path/../Frameworks";
				PRODUCT_BUNDLE_IDENTIFIER = com.kiwifruitware.multitagframework;
				PRODUCT_NAME = MultiTag;
				USER_HEADER_SEARCH_PATHS = "$(SRCROOT)/mp4v2-src $(SRCROOT)/mp4v2-src/include";
				WRAPPER_EXTENSION = framework;
			};
			name = Debug;
		};
		FE32508612DBC0490001350D /* Release */ = {
			isa = XCBuildConfiguration;
			buildSettings = {
				ALWAYS_SEARCH_USER_PATHS = NO;
				CLANG_ENABLE_MODULES = YES;
				CLANG_ENABLE_OBJC_ARC = YES;
				DEFINES_MODULE = YES;
				DYLIB_COMPATIBILITY_VERSION = 1;
				DYLIB_CURRENT_VERSION = 1;
				DYLIB_INSTALL_NAME_BASE = "@rpath";
				FRAMEWORK_VERSION = A;
				GCC_GENERATE_DEBUGGING_SYMBOLS = NO;
				GCC_PRECOMPILE_PREFIX_HEADER = YES;
				GCC_PREFIX_HEADER = MultiTag_Prefix.pch;
				GCC_WARN_64_TO_32_BIT_CONVERSION = NO;
				HEADER_SEARCH_PATHS = "$(SRCROOT)/mp4v2-src/include";
				INFOPLIST_FILE = Info.plist;
				INSTALL_PATH = "@executable_path/../Frameworks";
				PRODUCT_BUNDLE_IDENTIFIER = com.kiwifruitware.multitagframework;
				PRODUCT_NAME = MultiTag;
				USER_HEADER_SEARCH_PATHS = "$(SRCROOT)/mp4v2-src $(SRCROOT)/mp4v2-src/include";
				WRAPPER_EXTENSION = framework;
			};
			name = Release;
		};
/* End XCBuildConfiguration section */

/* Begin XCConfigurationList section */
		1DEB91B108733DA50010E9CD /* Build configuration list for PBXProject "MultiTag" */ = {
			isa = XCConfigurationList;
			buildConfigurations = (
				1DEB91B208733DA50010E9CD /* Debug */,
				1DEB91B308733DA50010E9CD /* Release */,
			);
			defaultConfigurationIsVisible = 0;
			defaultConfigurationName = Release;
		};
		FE32508412DBC0490001350D /* Build configuration list for PBXNativeTarget "MultiTag" */ = {
			isa = XCConfigurationList;
			buildConfigurations = (
				FE32508512DBC0490001350D /* Debug */,
				FE32508612DBC0490001350D /* Release */,
			);
			defaultConfigurationIsVisible = 0;
			defaultConfigurationName = Release;
		};
/* End XCConfigurationList section */
	};
	rootObject = 0867D690FE84028FC02AAC07 /* Project object */;
}
